// !$*UTF8*$!
{
	archiveVersion = 1;
	classes = {
	};
	objectVersion = 46;
	objects = {

/* Begin PBXBuildFile section */
		4365680D1521EB370096D542 /* FavoritesViewController.m in Sources */ = {isa = PBXBuildFile; fileRef = 4365680C1521EB370096D542 /* FavoritesViewController.m */; };
		436568101521EB6B0096D542 /* FavoritesDataController.m in Sources */ = {isa = PBXBuildFile; fileRef = 4365680F1521EB6B0096D542 /* FavoritesDataController.m */; };
		4377A9911506B92400636068 /* Default@2x.png in Resources */ = {isa = PBXBuildFile; fileRef = 4377A9901506B92400636068 /* Default@2x.png */; };
		43E3F3AF14DC76BD00876DEA /* dining-unl.png in Resources */ = {isa = PBXBuildFile; fileRef = 43E3F3AE14DC76BD00876DEA /* dining-unl.png */; };
		6E13FB411471B59100871973 /* UIKit.framework in Frameworks */ = {isa = PBXBuildFile; fileRef = 6E13FB401471B59100871973 /* UIKit.framework */; };
		6E13FB431471B59100871973 /* Foundation.framework in Frameworks */ = {isa = PBXBuildFile; fileRef = 6E13FB421471B59100871973 /* Foundation.framework */; };
		6E13FB451471B59100871973 /* CoreGraphics.framework in Frameworks */ = {isa = PBXBuildFile; fileRef = 6E13FB441471B59100871973 /* CoreGraphics.framework */; };
		6E13FB4B1471B59100871973 /* InfoPlist.strings in Resources */ = {isa = PBXBuildFile; fileRef = 6E13FB491471B59100871973 /* InfoPlist.strings */; };
		6E13FB4D1471B59100871973 /* main.m in Sources */ = {isa = PBXBuildFile; fileRef = 6E13FB4C1471B59100871973 /* main.m */; settings = {COMPILER_FLAGS = "-fno-objc-arc"; }; };
		6E13FB511471B59100871973 /* AppDelegate.m in Sources */ = {isa = PBXBuildFile; fileRef = 6E13FB501471B59100871973 /* AppDelegate.m */; settings = {COMPILER_FLAGS = "-fno-objc-arc"; }; };
		6E13FB541471B59100871973 /* MainStoryboard.storyboard in Resources */ = {isa = PBXBuildFile; fileRef = 6E13FB521471B59100871973 /* MainStoryboard.storyboard */; };
		6E13FB571471B59100871973 /* MasterViewController.m in Sources */ = {isa = PBXBuildFile; fileRef = 6E13FB561471B59100871973 /* MasterViewController.m */; settings = {COMPILER_FLAGS = "-fno-objc-arc"; }; };
		6E13FB591471B59100871973 /* first.png in Resources */ = {isa = PBXBuildFile; fileRef = 6E13FB581471B59100871973 /* first.png */; };
		6E13FB5B1471B59100871973 /* first@2x.png in Resources */ = {isa = PBXBuildFile; fileRef = 6E13FB5A1471B59100871973 /* first@2x.png */; };
		6E13FB5E1471B59100871973 /* MenuViewController.m in Sources */ = {isa = PBXBuildFile; fileRef = 6E13FB5D1471B59100871973 /* MenuViewController.m */; settings = {COMPILER_FLAGS = "-fno-objc-arc"; }; };
		6E13FB601471B59100871973 /* second.png in Resources */ = {isa = PBXBuildFile; fileRef = 6E13FB5F1471B59100871973 /* second.png */; };
		6E13FB621471B59100871973 /* second@2x.png in Resources */ = {isa = PBXBuildFile; fileRef = 6E13FB611471B59100871973 /* second@2x.png */; };
		6E13FB6A1471B59100871973 /* SenTestingKit.framework in Frameworks */ = {isa = PBXBuildFile; fileRef = 6E13FB691471B59100871973 /* SenTestingKit.framework */; };
		6E13FB6B1471B59100871973 /* UIKit.framework in Frameworks */ = {isa = PBXBuildFile; fileRef = 6E13FB401471B59100871973 /* UIKit.framework */; };
		6E13FB6C1471B59100871973 /* Foundation.framework in Frameworks */ = {isa = PBXBuildFile; fileRef = 6E13FB421471B59100871973 /* Foundation.framework */; };
		6E13FB741471B59100871973 /* InfoPlist.strings in Resources */ = {isa = PBXBuildFile; fileRef = 6E13FB721471B59100871973 /* InfoPlist.strings */; };
		6E13FB771471B59100871973 /* Dining_UNLTests.m in Sources */ = {isa = PBXBuildFile; fileRef = 6E13FB761471B59100871973 /* Dining_UNLTests.m */; };
		6E20476614B3994A008A165F /* FoodSection.m in Sources */ = {isa = PBXBuildFile; fileRef = 6E20476514B3994A008A165F /* FoodSection.m */; settings = {COMPILER_FLAGS = "-fno-objc-arc"; }; };
		6E20476A14B39997008A165F /* MealService.m in Sources */ = {isa = PBXBuildFile; fileRef = 6E20476914B39997008A165F /* MealService.m */; settings = {COMPILER_FLAGS = "-fno-objc-arc"; }; };
		6E20476D14B399B5008A165F /* ServiceDay.m in Sources */ = {isa = PBXBuildFile; fileRef = 6E20476C14B399B5008A165F /* ServiceDay.m */; settings = {COMPILER_FLAGS = "-fno-objc-arc"; }; };
		6E20477014B399C6008A165F /* Hall.m in Sources */ = {isa = PBXBuildFile; fileRef = 6E20476F14B399C6008A165F /* Hall.m */; settings = {COMPILER_FLAGS = "-fno-objc-arc"; }; };
		6E20477314B399E0008A165F /* DiningHallAPIController.m in Sources */ = {isa = PBXBuildFile; fileRef = 6E20477214B399E0008A165F /* DiningHallAPIController.m */; settings = {COMPILER_FLAGS = "-fno-objc-arc"; }; };
		6E20477514B39A59008A165F /* MapKit.framework in Frameworks */ = {isa = PBXBuildFile; fileRef = 6E20477414B39A59008A165F /* MapKit.framework */; };
		6E20477714B39B57008A165F /* CoreLocation.framework in Frameworks */ = {isa = PBXBuildFile; fileRef = 6E20477614B39B57008A165F /* CoreLocation.framework */; };
		6E2F8BCB15702DCC007A0F94 /* 0.png in Resources */ = {isa = PBXBuildFile; fileRef = 6E2F8BBB15702DCC007A0F94 /* 0.png */; };
		6E2F8BCC15702DCC007A0F94 /* 1.png in Resources */ = {isa = PBXBuildFile; fileRef = 6E2F8BBC15702DCC007A0F94 /* 1.png */; };
		6E2F8BCD15702DCC007A0F94 /* 10.png in Resources */ = {isa = PBXBuildFile; fileRef = 6E2F8BBD15702DCC007A0F94 /* 10.png */; };
		6E2F8BCE15702DCC007A0F94 /* 11.png in Resources */ = {isa = PBXBuildFile; fileRef = 6E2F8BBE15702DCC007A0F94 /* 11.png */; };
		6E2F8BCF15702DCC007A0F94 /* 12.png in Resources */ = {isa = PBXBuildFile; fileRef = 6E2F8BBF15702DCC007A0F94 /* 12.png */; };
		6E2F8BD015702DCC007A0F94 /* 13.png in Resources */ = {isa = PBXBuildFile; fileRef = 6E2F8BC015702DCC007A0F94 /* 13.png */; };
		6E2F8BD115702DCC007A0F94 /* 14.png in Resources */ = {isa = PBXBuildFile; fileRef = 6E2F8BC115702DCC007A0F94 /* 14.png */; };
		6E2F8BD215702DCC007A0F94 /* 15.png in Resources */ = {isa = PBXBuildFile; fileRef = 6E2F8BC215702DCC007A0F94 /* 15.png */; };
		6E2F8BD315702DCC007A0F94 /* 2.png in Resources */ = {isa = PBXBuildFile; fileRef = 6E2F8BC315702DCC007A0F94 /* 2.png */; };
		6E2F8BD415702DCC007A0F94 /* 3.png in Resources */ = {isa = PBXBuildFile; fileRef = 6E2F8BC415702DCC007A0F94 /* 3.png */; };
		6E2F8BD515702DCC007A0F94 /* 4.png in Resources */ = {isa = PBXBuildFile; fileRef = 6E2F8BC515702DCC007A0F94 /* 4.png */; };
		6E2F8BD615702DCC007A0F94 /* 5.png in Resources */ = {isa = PBXBuildFile; fileRef = 6E2F8BC615702DCC007A0F94 /* 5.png */; };
		6E2F8BD715702DCC007A0F94 /* 6.png in Resources */ = {isa = PBXBuildFile; fileRef = 6E2F8BC715702DCC007A0F94 /* 6.png */; };
		6E2F8BD815702DCC007A0F94 /* 7.png in Resources */ = {isa = PBXBuildFile; fileRef = 6E2F8BC815702DCC007A0F94 /* 7.png */; };
		6E2F8BD915702DCC007A0F94 /* 8.png in Resources */ = {isa = PBXBuildFile; fileRef = 6E2F8BC915702DCC007A0F94 /* 8.png */; };
		6E2F8BDA15702DCC007A0F94 /* 9.png in Resources */ = {isa = PBXBuildFile; fileRef = 6E2F8BCA15702DCC007A0F94 /* 9.png */; };
		6E5176C01487F3DC004D0C11 /* FoodItem.m in Sources */ = {isa = PBXBuildFile; fileRef = 6E5176BF1487F3DC004D0C11 /* FoodItem.m */; settings = {COMPILER_FLAGS = "-fno-objc-arc"; }; };
		6E58A984153F59CD00EC8A94 /* FavoritesList.m in Sources */ = {isa = PBXBuildFile; fileRef = 6E58A983153F59CD00EC8A94 /* FavoritesList.m */; };
		6E594FD614BF7B08007EB571 /* NSDataAdditions.m in Sources */ = {isa = PBXBuildFile; fileRef = 6E594FD314BF7B08007EB571 /* NSDataAdditions.m */; settings = {COMPILER_FLAGS = "-fno-objc-arc"; }; };
		6E594FD714BF7B08007EB571 /* TBXML.m in Sources */ = {isa = PBXBuildFile; fileRef = 6E594FD514BF7B08007EB571 /* TBXML.m */; settings = {COMPILER_FLAGS = "-fno-objc-arc"; }; };
		6E594FD914BF7C7B007EB571 /* libz.dylib in Frameworks */ = {isa = PBXBuildFile; fileRef = 6E594FD814BF7C7B007EB571 /* libz.dylib */; };
		6E5F2CB1155C5B1F008EAB9D /* libTestFlight.a in Frameworks */ = {isa = PBXBuildFile; fileRef = 6E5F2CAD155C5B1F008EAB9D /* libTestFlight.a */; };
		6E5F2CB2155C5B1F008EAB9D /* README.txt in Resources */ = {isa = PBXBuildFile; fileRef = 6E5F2CAE155C5B1F008EAB9D /* README.txt */; };
		6E5F2CB3155C5B1F008EAB9D /* release_notes.txt in Resources */ = {isa = PBXBuildFile; fileRef = 6E5F2CAF155C5B1F008EAB9D /* release_notes.txt */; };
		6E67C16114E9D1AC00EBBEC2 /* 83-calendar.png in Resources */ = {isa = PBXBuildFile; fileRef = 6E67C16014E9D1AC00EBBEC2 /* 83-calendar.png */; };
		6E67C16414E9D1CD00EBBEC2 /* 125-food.png in Resources */ = {isa = PBXBuildFile; fileRef = 6E67C16314E9D1CD00EBBEC2 /* 125-food.png */; };
		6E7DCDC015704A3200A158D1 /* R-N_4c.png in Resources */ = {isa = PBXBuildFile; fileRef = 6E7DCDBF15704A3200A158D1 /* R-N_4c.png */; };
		6EA148B614EA41FD0036245B /* TapkuLibrary.bundle in Resources */ = {isa = PBXBuildFile; fileRef = 6EA148AF14EA41FD0036245B /* TapkuLibrary.bundle */; };
		6EA148C114EA42410036245B /* QuartzCore.framework in Frameworks */ = {isa = PBXBuildFile; fileRef = 6EA148C014EA42410036245B /* QuartzCore.framework */; };
		6EA1492514EA43B10036245B /* NSArray+TKCategory.m in Sources */ = {isa = PBXBuildFile; fileRef = 6EA148C514EA43B10036245B /* NSArray+TKCategory.m */; };
		6EA1492614EA43B10036245B /* NSDate+TKCategory.m in Sources */ = {isa = PBXBuildFile; fileRef = 6EA148C714EA43B10036245B /* NSDate+TKCategory.m */; };
		6EA1492714EA43B10036245B /* NSDictionary+TKCategory.m in Sources */ = {isa = PBXBuildFile; fileRef = 6EA148C914EA43B10036245B /* NSDictionary+TKCategory.m */; };
		6EA1492914EA43B10036245B /* NSString+TKCategory.m in Sources */ = {isa = PBXBuildFile; fileRef = 6EA148CD14EA43B10036245B /* NSString+TKCategory.m */; };
		6EA1492A14EA43B10036245B /* TapDetectingView.m in Sources */ = {isa = PBXBuildFile; fileRef = 6EA148CF14EA43B10036245B /* TapDetectingView.m */; };
		6EA1492B14EA43B10036245B /* TKAlertCenter.m in Sources */ = {isa = PBXBuildFile; fileRef = 6EA148D214EA43B10036245B /* TKAlertCenter.m */; };
		6EA1492C14EA43B10036245B /* TKAppDelegate.m in Sources */ = {isa = PBXBuildFile; fileRef = 6EA148D414EA43B10036245B /* TKAppDelegate.m */; };
		6EA1492D14EA43B10036245B /* TKButtonCell.m in Sources */ = {isa = PBXBuildFile; fileRef = 6EA148D614EA43B10036245B /* TKButtonCell.m */; };
		6EA1492E14EA43B10036245B /* TKCalendarDayEventView.m in Sources */ = {isa = PBXBuildFile; fileRef = 6EA148D814EA43B10036245B /* TKCalendarDayEventView.m */; };
		6EA1492F14EA43B10036245B /* TKCalendarDayTimelineView.m in Sources */ = {isa = PBXBuildFile; fileRef = 6EA148DA14EA43B10036245B /* TKCalendarDayTimelineView.m */; };
		6EA1493014EA43B10036245B /* TKCalendarDayViewController.m in Sources */ = {isa = PBXBuildFile; fileRef = 6EA148DC14EA43B10036245B /* TKCalendarDayViewController.m */; };
		6EA1493114EA43B10036245B /* TKCalendarMonthTableViewController.m in Sources */ = {isa = PBXBuildFile; fileRef = 6EA148DE14EA43B10036245B /* TKCalendarMonthTableViewController.m */; };
		6EA1493214EA43B10036245B /* TKCalendarMonthView.m in Sources */ = {isa = PBXBuildFile; fileRef = 6EA148E014EA43B10036245B /* TKCalendarMonthView.m */; };
		6EA1493314EA43B10036245B /* TKCalendarMonthViewController.m in Sources */ = {isa = PBXBuildFile; fileRef = 6EA148E214EA43B10036245B /* TKCalendarMonthViewController.m */; };
		6EA1493414EA43B10036245B /* TKCoverflowCoverView.m in Sources */ = {isa = PBXBuildFile; fileRef = 6EA148E414EA43B10036245B /* TKCoverflowCoverView.m */; };
		6EA1493514EA43B10036245B /* TKCoverflowView.m in Sources */ = {isa = PBXBuildFile; fileRef = 6EA148E614EA43B10036245B /* TKCoverflowView.m */; };
		6EA1493614EA43B10036245B /* TKEmptyView.m in Sources */ = {isa = PBXBuildFile; fileRef = 6EA148E814EA43B10036245B /* TKEmptyView.m */; };
		6EA1493714EA43B10036245B /* TKGlobal.m in Sources */ = {isa = PBXBuildFile; fileRef = 6EA148EA14EA43B10036245B /* TKGlobal.m */; };
		6EA1493814EA43B10036245B /* TKGradientView.m in Sources */ = {isa = PBXBuildFile; fileRef = 6EA148EC14EA43B10036245B /* TKGradientView.m */; };
		6EA1493914EA43B10036245B /* TKHTTPRequest.m in Sources */ = {isa = PBXBuildFile; fileRef = 6EA148EE14EA43B10036245B /* TKHTTPRequest.m */; };
		6EA1493B14EA43B10036245B /* TKIndicatorCell.m in Sources */ = {isa = PBXBuildFile; fileRef = 6EA148F214EA43B10036245B /* TKIndicatorCell.m */; };
		6EA1493C14EA43B10036245B /* TKLabelCell.m in Sources */ = {isa = PBXBuildFile; fileRef = 6EA148F414EA43B10036245B /* TKLabelCell.m */; };
		6EA1493D14EA43B10036245B /* TKLabelFieldCell.m in Sources */ = {isa = PBXBuildFile; fileRef = 6EA148F614EA43B10036245B /* TKLabelFieldCell.m */; };
		6EA1493E14EA43B10036245B /* TKLabelSwitchCell.m in Sources */ = {isa = PBXBuildFile; fileRef = 6EA148F814EA43B10036245B /* TKLabelSwitchCell.m */; };
		6EA1493F14EA43B10036245B /* TKLabelTextFieldCell.m in Sources */ = {isa = PBXBuildFile; fileRef = 6EA148FA14EA43B10036245B /* TKLabelTextFieldCell.m */; };
		6EA1494014EA43B10036245B /* TKLabelTextViewCell.m in Sources */ = {isa = PBXBuildFile; fileRef = 6EA148FC14EA43B10036245B /* TKLabelTextViewCell.m */; };
		6EA1494114EA43B10036245B /* TKMapPlace.m in Sources */ = {isa = PBXBuildFile; fileRef = 6EA148FE14EA43B10036245B /* TKMapPlace.m */; };
		6EA1494214EA43B10036245B /* TKMapView.m in Sources */ = {isa = PBXBuildFile; fileRef = 6EA1490014EA43B10036245B /* TKMapView.m */; };
		6EA1494314EA43B10036245B /* TKNetworkQueue.m in Sources */ = {isa = PBXBuildFile; fileRef = 6EA1490214EA43B10036245B /* TKNetworkQueue.m */; };
		6EA1494414EA43B10036245B /* TKProgressAlertView.m in Sources */ = {isa = PBXBuildFile; fileRef = 6EA1490414EA43B10036245B /* TKProgressAlertView.m */; };
		6EA1494514EA43B10036245B /* TKProgressBarView.m in Sources */ = {isa = PBXBuildFile; fileRef = 6EA1490614EA43B10036245B /* TKProgressBarView.m */; };
		6EA1494614EA43B10036245B /* TKProgressCircleView.m in Sources */ = {isa = PBXBuildFile; fileRef = 6EA1490814EA43B10036245B /* TKProgressCircleView.m */; };
		6EA1494714EA43B10036245B /* TKSwitchCell.m in Sources */ = {isa = PBXBuildFile; fileRef = 6EA1490A14EA43B10036245B /* TKSwitchCell.m */; };
		6EA1494814EA43B10036245B /* TKTableViewCell.m in Sources */ = {isa = PBXBuildFile; fileRef = 6EA1490C14EA43B10036245B /* TKTableViewCell.m */; };
		6EA1494914EA43B10036245B /* TKTableViewController.m in Sources */ = {isa = PBXBuildFile; fileRef = 6EA1490E14EA43B10036245B /* TKTableViewController.m */; };
		6EA1494A14EA43B10036245B /* TKTextViewCell.m in Sources */ = {isa = PBXBuildFile; fileRef = 6EA1491014EA43B10036245B /* TKTextViewCell.m */; };
		6EA1494B14EA43B10036245B /* TKViewController.m in Sources */ = {isa = PBXBuildFile; fileRef = 6EA1491214EA43B10036245B /* TKViewController.m */; };
		6EA1494C14EA43B10036245B /* TKWindow.m in Sources */ = {isa = PBXBuildFile; fileRef = 6EA1491414EA43B10036245B /* TKWindow.m */; };
		6EA1494D14EA43B10036245B /* UIBarButtonItem+TKCategory.m in Sources */ = {isa = PBXBuildFile; fileRef = 6EA1491614EA43B10036245B /* UIBarButtonItem+TKCategory.m */; };
		6EA1494E14EA43B10036245B /* UIButton+TKCategory.m in Sources */ = {isa = PBXBuildFile; fileRef = 6EA1491814EA43B10036245B /* UIButton+TKCategory.m */; };
		6EA1494F14EA43B10036245B /* UIColor+TKCategory.m in Sources */ = {isa = PBXBuildFile; fileRef = 6EA1491A14EA43B10036245B /* UIColor+TKCategory.m */; };
		6EA1495014EA43B10036245B /* UIImage+TKCategory.m in Sources */ = {isa = PBXBuildFile; fileRef = 6EA1491C14EA43B10036245B /* UIImage+TKCategory.m */; };
		6EA1495114EA43B10036245B /* UIImageView+TKCategory.m in Sources */ = {isa = PBXBuildFile; fileRef = 6EA1491E14EA43B10036245B /* UIImageView+TKCategory.m */; };
		6EA1495214EA43B10036245B /* UIScrollview+TKCategory.m in Sources */ = {isa = PBXBuildFile; fileRef = 6EA1492014EA43B10036245B /* UIScrollview+TKCategory.m */; };
		6EA1495314EA43B10036245B /* UIView+TKCategory.m in Sources */ = {isa = PBXBuildFile; fileRef = 6EA1492214EA43B10036245B /* UIView+TKCategory.m */; };
		6EA1495414EA43B10036245B /* UIViewController+TKCategory.m in Sources */ = {isa = PBXBuildFile; fileRef = 6EA1492414EA43B10036245B /* UIViewController+TKCategory.m */; };
		6EDBED5514E9DEF7006D6A6A /* 29-heart.png in Resources */ = {isa = PBXBuildFile; fileRef = 6EDBED5414E9DEF7006D6A6A /* 29-heart.png */; };
/* End PBXBuildFile section */

/* Begin PBXContainerItemProxy section */
		6E00362314EA454900EB4D56 /* PBXContainerItemProxy */ = {
			isa = PBXContainerItemProxy;
			containerPortal = 6EA148B014EA41FD0036245B /* TapkuLibrary.xcodeproj */;
			proxyType = 2;
			remoteGlobalIDString = D2AAC07E0554694100DB518D;
			remoteInfo = TapkuLibrary;
		};
		6E00362514EA454900EB4D56 /* PBXContainerItemProxy */ = {
			isa = PBXContainerItemProxy;
			containerPortal = 6EA148B014EA41FD0036245B /* TapkuLibrary.xcodeproj */;
			proxyType = 2;
			remoteGlobalIDString = 3B45DDF1134C736600D24C1A;
			remoteInfo = LogicTests;
		};
		6E13FB6D1471B59100871973 /* PBXContainerItemProxy */ = {
			isa = PBXContainerItemProxy;
			containerPortal = 6E13FB331471B59000871973 /* Project object */;
			proxyType = 1;
			remoteGlobalIDString = 6E13FB3B1471B59100871973;
			remoteInfo = "Dining@UNL";
		};
/* End PBXContainerItemProxy section */

/* Begin PBXFileReference section */
		4365680B1521EB370096D542 /* FavoritesViewController.h */ = {isa = PBXFileReference; fileEncoding = 4; lastKnownFileType = sourcecode.c.h; path = FavoritesViewController.h; sourceTree = "<group>"; };
		4365680C1521EB370096D542 /* FavoritesViewController.m */ = {isa = PBXFileReference; fileEncoding = 4; lastKnownFileType = sourcecode.c.objc; path = FavoritesViewController.m; sourceTree = "<group>"; };
		4365680E1521EB6B0096D542 /* FavoritesDataController.h */ = {isa = PBXFileReference; fileEncoding = 4; lastKnownFileType = sourcecode.c.h; path = FavoritesDataController.h; sourceTree = "<group>"; };
		4365680F1521EB6B0096D542 /* FavoritesDataController.m */ = {isa = PBXFileReference; fileEncoding = 4; lastKnownFileType = sourcecode.c.objc; path = FavoritesDataController.m; sourceTree = "<group>"; };
		4377A9901506B92400636068 /* Default@2x.png */ = {isa = PBXFileReference; lastKnownFileType = image.png; path = "Default@2x.png"; sourceTree = "<group>"; };
		43E3F3AE14DC76BD00876DEA /* dining-unl.png */ = {isa = PBXFileReference; lastKnownFileType = image.png; path = "dining-unl.png"; sourceTree = "<group>"; };
		6E13FB3C1471B59100871973 /* Dining@UNL.app */ = {isa = PBXFileReference; explicitFileType = wrapper.application; includeInIndex = 0; path = "Dining@UNL.app"; sourceTree = BUILT_PRODUCTS_DIR; };
		6E13FB401471B59100871973 /* UIKit.framework */ = {isa = PBXFileReference; lastKnownFileType = wrapper.framework; name = UIKit.framework; path = System/Library/Frameworks/UIKit.framework; sourceTree = SDKROOT; };
		6E13FB421471B59100871973 /* Foundation.framework */ = {isa = PBXFileReference; lastKnownFileType = wrapper.framework; name = Foundation.framework; path = System/Library/Frameworks/Foundation.framework; sourceTree = SDKROOT; };
		6E13FB441471B59100871973 /* CoreGraphics.framework */ = {isa = PBXFileReference; lastKnownFileType = wrapper.framework; name = CoreGraphics.framework; path = System/Library/Frameworks/CoreGraphics.framework; sourceTree = SDKROOT; };
		6E13FB481471B59100871973 /* Dining@UNL-Info.plist */ = {isa = PBXFileReference; lastKnownFileType = text.plist.xml; path = "Dining@UNL-Info.plist"; sourceTree = "<group>"; };
		6E13FB4A1471B59100871973 /* en */ = {isa = PBXFileReference; lastKnownFileType = text.plist.strings; name = en; path = en.lproj/InfoPlist.strings; sourceTree = "<group>"; };
		6E13FB4C1471B59100871973 /* main.m */ = {isa = PBXFileReference; lastKnownFileType = sourcecode.c.objc; path = main.m; sourceTree = "<group>"; };
		6E13FB4E1471B59100871973 /* Dining@UNL-Prefix.pch */ = {isa = PBXFileReference; lastKnownFileType = sourcecode.c.h; path = "Dining@UNL-Prefix.pch"; sourceTree = "<group>"; };
		6E13FB4F1471B59100871973 /* AppDelegate.h */ = {isa = PBXFileReference; lastKnownFileType = sourcecode.c.h; path = AppDelegate.h; sourceTree = "<group>"; };
		6E13FB501471B59100871973 /* AppDelegate.m */ = {isa = PBXFileReference; lastKnownFileType = sourcecode.c.objc; path = AppDelegate.m; sourceTree = "<group>"; };
		6E13FB531471B59100871973 /* en */ = {isa = PBXFileReference; lastKnownFileType = file.storyboard; name = en; path = en.lproj/MainStoryboard.storyboard; sourceTree = "<group>"; };
		6E13FB551471B59100871973 /* MasterViewController.h */ = {isa = PBXFileReference; lastKnownFileType = sourcecode.c.h; path = MasterViewController.h; sourceTree = "<group>"; };
		6E13FB561471B59100871973 /* MasterViewController.m */ = {isa = PBXFileReference; lastKnownFileType = sourcecode.c.objc; path = MasterViewController.m; sourceTree = "<group>"; };
		6E13FB581471B59100871973 /* first.png */ = {isa = PBXFileReference; lastKnownFileType = image.png; path = first.png; sourceTree = "<group>"; };
		6E13FB5A1471B59100871973 /* first@2x.png */ = {isa = PBXFileReference; lastKnownFileType = image.png; path = "first@2x.png"; sourceTree = "<group>"; };
		6E13FB5C1471B59100871973 /* MenuViewController.h */ = {isa = PBXFileReference; lastKnownFileType = sourcecode.c.h; path = MenuViewController.h; sourceTree = "<group>"; };
		6E13FB5D1471B59100871973 /* MenuViewController.m */ = {isa = PBXFileReference; lastKnownFileType = sourcecode.c.objc; path = MenuViewController.m; sourceTree = "<group>"; };
		6E13FB5F1471B59100871973 /* second.png */ = {isa = PBXFileReference; lastKnownFileType = image.png; path = second.png; sourceTree = "<group>"; };
		6E13FB611471B59100871973 /* second@2x.png */ = {isa = PBXFileReference; lastKnownFileType = image.png; path = "second@2x.png"; sourceTree = "<group>"; };
		6E13FB681471B59100871973 /* Dining@UNLTests.octest */ = {isa = PBXFileReference; explicitFileType = wrapper.cfbundle; includeInIndex = 0; path = "Dining@UNLTests.octest"; sourceTree = BUILT_PRODUCTS_DIR; };
		6E13FB691471B59100871973 /* SenTestingKit.framework */ = {isa = PBXFileReference; lastKnownFileType = wrapper.framework; name = SenTestingKit.framework; path = Library/Frameworks/SenTestingKit.framework; sourceTree = DEVELOPER_DIR; };
		6E13FB711471B59100871973 /* Dining@UNLTests-Info.plist */ = {isa = PBXFileReference; lastKnownFileType = text.plist.xml; path = "Dining@UNLTests-Info.plist"; sourceTree = "<group>"; };
		6E13FB731471B59100871973 /* en */ = {isa = PBXFileReference; lastKnownFileType = text.plist.strings; name = en; path = en.lproj/InfoPlist.strings; sourceTree = "<group>"; };
		6E13FB751471B59100871973 /* Dining_UNLTests.h */ = {isa = PBXFileReference; lastKnownFileType = sourcecode.c.h; path = Dining_UNLTests.h; sourceTree = "<group>"; };
		6E13FB761471B59100871973 /* Dining_UNLTests.m */ = {isa = PBXFileReference; lastKnownFileType = sourcecode.c.objc; path = Dining_UNLTests.m; sourceTree = "<group>"; };
		6E20476414B3994A008A165F /* FoodSection.h */ = {isa = PBXFileReference; fileEncoding = 4; lastKnownFileType = sourcecode.c.h; path = FoodSection.h; sourceTree = "<group>"; };
		6E20476514B3994A008A165F /* FoodSection.m */ = {isa = PBXFileReference; fileEncoding = 4; lastKnownFileType = sourcecode.c.objc; path = FoodSection.m; sourceTree = "<group>"; };
		6E20476814B39997008A165F /* MealService.h */ = {isa = PBXFileReference; fileEncoding = 4; lastKnownFileType = sourcecode.c.h; path = MealService.h; sourceTree = "<group>"; };
		6E20476914B39997008A165F /* MealService.m */ = {isa = PBXFileReference; fileEncoding = 4; lastKnownFileType = sourcecode.c.objc; path = MealService.m; sourceTree = "<group>"; };
		6E20476B14B399B5008A165F /* ServiceDay.h */ = {isa = PBXFileReference; fileEncoding = 4; lastKnownFileType = sourcecode.c.h; path = ServiceDay.h; sourceTree = "<group>"; };
		6E20476C14B399B5008A165F /* ServiceDay.m */ = {isa = PBXFileReference; fileEncoding = 4; lastKnownFileType = sourcecode.c.objc; path = ServiceDay.m; sourceTree = "<group>"; };
		6E20476E14B399C6008A165F /* Hall.h */ = {isa = PBXFileReference; fileEncoding = 4; lastKnownFileType = sourcecode.c.h; path = Hall.h; sourceTree = "<group>"; };
		6E20476F14B399C6008A165F /* Hall.m */ = {isa = PBXFileReference; fileEncoding = 4; lastKnownFileType = sourcecode.c.objc; path = Hall.m; sourceTree = "<group>"; };
		6E20477114B399E0008A165F /* DiningHallAPIController.h */ = {isa = PBXFileReference; fileEncoding = 4; lastKnownFileType = sourcecode.c.h; path = DiningHallAPIController.h; sourceTree = "<group>"; };
		6E20477214B399E0008A165F /* DiningHallAPIController.m */ = {isa = PBXFileReference; fileEncoding = 4; lastKnownFileType = sourcecode.c.objc; path = DiningHallAPIController.m; sourceTree = "<group>"; };
		6E20477414B39A59008A165F /* MapKit.framework */ = {isa = PBXFileReference; lastKnownFileType = wrapper.framework; name = MapKit.framework; path = System/Library/Frameworks/MapKit.framework; sourceTree = SDKROOT; };
		6E20477614B39B57008A165F /* CoreLocation.framework */ = {isa = PBXFileReference; lastKnownFileType = wrapper.framework; name = CoreLocation.framework; path = System/Library/Frameworks/CoreLocation.framework; sourceTree = SDKROOT; };
		6E2F8BBB15702DCC007A0F94 /* 0.png */ = {isa = PBXFileReference; lastKnownFileType = image.png; path = 0.png; sourceTree = "<group>"; };
		6E2F8BBC15702DCC007A0F94 /* 1.png */ = {isa = PBXFileReference; lastKnownFileType = image.png; path = 1.png; sourceTree = "<group>"; };
		6E2F8BBD15702DCC007A0F94 /* 10.png */ = {isa = PBXFileReference; lastKnownFileType = image.png; path = 10.png; sourceTree = "<group>"; };
		6E2F8BBE15702DCC007A0F94 /* 11.png */ = {isa = PBXFileReference; lastKnownFileType = image.png; path = 11.png; sourceTree = "<group>"; };
		6E2F8BBF15702DCC007A0F94 /* 12.png */ = {isa = PBXFileReference; lastKnownFileType = image.png; path = 12.png; sourceTree = "<group>"; };
		6E2F8BC015702DCC007A0F94 /* 13.png */ = {isa = PBXFileReference; lastKnownFileType = image.png; path = 13.png; sourceTree = "<group>"; };
		6E2F8BC115702DCC007A0F94 /* 14.png */ = {isa = PBXFileReference; lastKnownFileType = image.png; path = 14.png; sourceTree = "<group>"; };
		6E2F8BC215702DCC007A0F94 /* 15.png */ = {isa = PBXFileReference; lastKnownFileType = image.png; path = 15.png; sourceTree = "<group>"; };
		6E2F8BC315702DCC007A0F94 /* 2.png */ = {isa = PBXFileReference; lastKnownFileType = image.png; path = 2.png; sourceTree = "<group>"; };
		6E2F8BC415702DCC007A0F94 /* 3.png */ = {isa = PBXFileReference; lastKnownFileType = image.png; path = 3.png; sourceTree = "<group>"; };
		6E2F8BC515702DCC007A0F94 /* 4.png */ = {isa = PBXFileReference; lastKnownFileType = image.png; path = 4.png; sourceTree = "<group>"; };
		6E2F8BC615702DCC007A0F94 /* 5.png */ = {isa = PBXFileReference; lastKnownFileType = image.png; path = 5.png; sourceTree = "<group>"; };
		6E2F8BC715702DCC007A0F94 /* 6.png */ = {isa = PBXFileReference; lastKnownFileType = image.png; path = 6.png; sourceTree = "<group>"; };
		6E2F8BC815702DCC007A0F94 /* 7.png */ = {isa = PBXFileReference; lastKnownFileType = image.png; path = 7.png; sourceTree = "<group>"; };
		6E2F8BC915702DCC007A0F94 /* 8.png */ = {isa = PBXFileReference; lastKnownFileType = image.png; path = 8.png; sourceTree = "<group>"; };
		6E2F8BCA15702DCC007A0F94 /* 9.png */ = {isa = PBXFileReference; lastKnownFileType = image.png; path = 9.png; sourceTree = "<group>"; };
		6E5176BE1487F3DC004D0C11 /* FoodItem.h */ = {isa = PBXFileReference; fileEncoding = 4; lastKnownFileType = sourcecode.c.h; path = FoodItem.h; sourceTree = "<group>"; };
		6E5176BF1487F3DC004D0C11 /* FoodItem.m */ = {isa = PBXFileReference; fileEncoding = 4; lastKnownFileType = sourcecode.c.objc; path = FoodItem.m; sourceTree = "<group>"; };
		6E58A982153F59CD00EC8A94 /* FavoritesList.h */ = {isa = PBXFileReference; fileEncoding = 4; lastKnownFileType = sourcecode.c.h; path = FavoritesList.h; sourceTree = "<group>"; };
		6E58A983153F59CD00EC8A94 /* FavoritesList.m */ = {isa = PBXFileReference; fileEncoding = 4; lastKnownFileType = sourcecode.c.objc; path = FavoritesList.m; sourceTree = "<group>"; };
		6E594FD214BF7B08007EB571 /* NSDataAdditions.h */ = {isa = PBXFileReference; fileEncoding = 4; lastKnownFileType = sourcecode.c.h; path = NSDataAdditions.h; sourceTree = "<group>"; };
		6E594FD314BF7B08007EB571 /* NSDataAdditions.m */ = {isa = PBXFileReference; fileEncoding = 4; lastKnownFileType = sourcecode.c.objc; path = NSDataAdditions.m; sourceTree = "<group>"; };
		6E594FD414BF7B08007EB571 /* TBXML.h */ = {isa = PBXFileReference; fileEncoding = 4; lastKnownFileType = sourcecode.c.h; path = TBXML.h; sourceTree = "<group>"; };
		6E594FD514BF7B08007EB571 /* TBXML.m */ = {isa = PBXFileReference; fileEncoding = 4; lastKnownFileType = sourcecode.c.objc; path = TBXML.m; sourceTree = "<group>"; };
		6E594FD814BF7C7B007EB571 /* libz.dylib */ = {isa = PBXFileReference; lastKnownFileType = "compiled.mach-o.dylib"; name = libz.dylib; path = usr/lib/libz.dylib; sourceTree = SDKROOT; };
		6E5F2CAD155C5B1F008EAB9D /* libTestFlight.a */ = {isa = PBXFileReference; lastKnownFileType = archive.ar; path = libTestFlight.a; sourceTree = "<group>"; };
		6E5F2CAE155C5B1F008EAB9D /* README.txt */ = {isa = PBXFileReference; fileEncoding = 4; lastKnownFileType = text; path = README.txt; sourceTree = "<group>"; };
		6E5F2CAF155C5B1F008EAB9D /* release_notes.txt */ = {isa = PBXFileReference; fileEncoding = 4; lastKnownFileType = text; path = release_notes.txt; sourceTree = "<group>"; };
		6E5F2CB0155C5B1F008EAB9D /* TestFlight.h */ = {isa = PBXFileReference; fileEncoding = 4; lastKnownFileType = sourcecode.c.h; path = TestFlight.h; sourceTree = "<group>"; };
		6E67C16014E9D1AC00EBBEC2 /* 83-calendar.png */ = {isa = PBXFileReference; lastKnownFileType = image.png; path = "83-calendar.png"; sourceTree = "<group>"; };
		6E67C16314E9D1CD00EBBEC2 /* 125-food.png */ = {isa = PBXFileReference; lastKnownFileType = image.png; path = "125-food.png"; sourceTree = "<group>"; };
		6E7DCDBF15704A3200A158D1 /* R-N_4c.png */ = {isa = PBXFileReference; lastKnownFileType = image.png; path = "R-N_4c.png"; sourceTree = "<group>"; };
		6EA148AF14EA41FD0036245B /* TapkuLibrary.bundle */ = {isa = PBXFileReference; lastKnownFileType = "wrapper.plug-in"; path = TapkuLibrary.bundle; sourceTree = "<group>"; };
		6EA148B014EA41FD0036245B /* TapkuLibrary.xcodeproj */ = {isa = PBXFileReference; lastKnownFileType = "wrapper.pb-project"; path = TapkuLibrary.xcodeproj; sourceTree = SOURCE_ROOT; };
		6EA148C014EA42410036245B /* QuartzCore.framework */ = {isa = PBXFileReference; lastKnownFileType = wrapper.framework; name = QuartzCore.framework; path = System/Library/Frameworks/QuartzCore.framework; sourceTree = SDKROOT; };
		6EA148C414EA43B10036245B /* NSArray+TKCategory.h */ = {isa = PBXFileReference; fileEncoding = 4; lastKnownFileType = sourcecode.c.h; path = "NSArray+TKCategory.h"; sourceTree = "<group>"; };
		6EA148C514EA43B10036245B /* NSArray+TKCategory.m */ = {isa = PBXFileReference; fileEncoding = 4; lastKnownFileType = sourcecode.c.objc; path = "NSArray+TKCategory.m"; sourceTree = "<group>"; };
		6EA148C614EA43B10036245B /* NSDate+TKCategory.h */ = {isa = PBXFileReference; fileEncoding = 4; lastKnownFileType = sourcecode.c.h; path = "NSDate+TKCategory.h"; sourceTree = "<group>"; };
		6EA148C714EA43B10036245B /* NSDate+TKCategory.m */ = {isa = PBXFileReference; fileEncoding = 4; lastKnownFileType = sourcecode.c.objc; path = "NSDate+TKCategory.m"; sourceTree = "<group>"; };
		6EA148C814EA43B10036245B /* NSDictionary+TKCategory.h */ = {isa = PBXFileReference; fileEncoding = 4; lastKnownFileType = sourcecode.c.h; path = "NSDictionary+TKCategory.h"; sourceTree = "<group>"; };
		6EA148C914EA43B10036245B /* NSDictionary+TKCategory.m */ = {isa = PBXFileReference; fileEncoding = 4; lastKnownFileType = sourcecode.c.objc; path = "NSDictionary+TKCategory.m"; sourceTree = "<group>"; };
		6EA148CC14EA43B10036245B /* NSString+TKCategory.h */ = {isa = PBXFileReference; fileEncoding = 4; lastKnownFileType = sourcecode.c.h; path = "NSString+TKCategory.h"; sourceTree = "<group>"; };
		6EA148CD14EA43B10036245B /* NSString+TKCategory.m */ = {isa = PBXFileReference; fileEncoding = 4; lastKnownFileType = sourcecode.c.objc; path = "NSString+TKCategory.m"; sourceTree = "<group>"; };
		6EA148CE14EA43B10036245B /* TapDetectingView.h */ = {isa = PBXFileReference; fileEncoding = 4; lastKnownFileType = sourcecode.c.h; path = TapDetectingView.h; sourceTree = "<group>"; };
		6EA148CF14EA43B10036245B /* TapDetectingView.m */ = {isa = PBXFileReference; fileEncoding = 4; lastKnownFileType = sourcecode.c.objc; path = TapDetectingView.m; sourceTree = "<group>"; };
		6EA148D014EA43B10036245B /* TapkuLibrary.h */ = {isa = PBXFileReference; fileEncoding = 4; lastKnownFileType = sourcecode.c.h; path = TapkuLibrary.h; sourceTree = "<group>"; };
		6EA148D114EA43B10036245B /* TKAlertCenter.h */ = {isa = PBXFileReference; fileEncoding = 4; lastKnownFileType = sourcecode.c.h; path = TKAlertCenter.h; sourceTree = "<group>"; };
		6EA148D214EA43B10036245B /* TKAlertCenter.m */ = {isa = PBXFileReference; fileEncoding = 4; lastKnownFileType = sourcecode.c.objc; path = TKAlertCenter.m; sourceTree = "<group>"; };
		6EA148D314EA43B10036245B /* TKAppDelegate.h */ = {isa = PBXFileReference; fileEncoding = 4; lastKnownFileType = sourcecode.c.h; path = TKAppDelegate.h; sourceTree = "<group>"; };
		6EA148D414EA43B10036245B /* TKAppDelegate.m */ = {isa = PBXFileReference; fileEncoding = 4; lastKnownFileType = sourcecode.c.objc; path = TKAppDelegate.m; sourceTree = "<group>"; };
		6EA148D514EA43B10036245B /* TKButtonCell.h */ = {isa = PBXFileReference; fileEncoding = 4; lastKnownFileType = sourcecode.c.h; path = TKButtonCell.h; sourceTree = "<group>"; };
		6EA148D614EA43B10036245B /* TKButtonCell.m */ = {isa = PBXFileReference; fileEncoding = 4; lastKnownFileType = sourcecode.c.objc; path = TKButtonCell.m; sourceTree = "<group>"; };
		6EA148D714EA43B10036245B /* TKCalendarDayEventView.h */ = {isa = PBXFileReference; fileEncoding = 4; lastKnownFileType = sourcecode.c.h; path = TKCalendarDayEventView.h; sourceTree = "<group>"; };
		6EA148D814EA43B10036245B /* TKCalendarDayEventView.m */ = {isa = PBXFileReference; fileEncoding = 4; lastKnownFileType = sourcecode.c.objc; path = TKCalendarDayEventView.m; sourceTree = "<group>"; };
		6EA148D914EA43B10036245B /* TKCalendarDayTimelineView.h */ = {isa = PBXFileReference; fileEncoding = 4; lastKnownFileType = sourcecode.c.h; path = TKCalendarDayTimelineView.h; sourceTree = "<group>"; };
		6EA148DA14EA43B10036245B /* TKCalendarDayTimelineView.m */ = {isa = PBXFileReference; fileEncoding = 4; lastKnownFileType = sourcecode.c.objc; path = TKCalendarDayTimelineView.m; sourceTree = "<group>"; };
		6EA148DB14EA43B10036245B /* TKCalendarDayViewController.h */ = {isa = PBXFileReference; fileEncoding = 4; lastKnownFileType = sourcecode.c.h; path = TKCalendarDayViewController.h; sourceTree = "<group>"; };
		6EA148DC14EA43B10036245B /* TKCalendarDayViewController.m */ = {isa = PBXFileReference; fileEncoding = 4; lastKnownFileType = sourcecode.c.objc; path = TKCalendarDayViewController.m; sourceTree = "<group>"; };
		6EA148DD14EA43B10036245B /* TKCalendarMonthTableViewController.h */ = {isa = PBXFileReference; fileEncoding = 4; lastKnownFileType = sourcecode.c.h; path = TKCalendarMonthTableViewController.h; sourceTree = "<group>"; };
		6EA148DE14EA43B10036245B /* TKCalendarMonthTableViewController.m */ = {isa = PBXFileReference; fileEncoding = 4; lastKnownFileType = sourcecode.c.objc; path = TKCalendarMonthTableViewController.m; sourceTree = "<group>"; };
		6EA148DF14EA43B10036245B /* TKCalendarMonthView.h */ = {isa = PBXFileReference; fileEncoding = 4; lastKnownFileType = sourcecode.c.h; path = TKCalendarMonthView.h; sourceTree = "<group>"; };
		6EA148E014EA43B10036245B /* TKCalendarMonthView.m */ = {isa = PBXFileReference; fileEncoding = 4; lastKnownFileType = sourcecode.c.objc; path = TKCalendarMonthView.m; sourceTree = "<group>"; };
		6EA148E114EA43B10036245B /* TKCalendarMonthViewController.h */ = {isa = PBXFileReference; fileEncoding = 4; lastKnownFileType = sourcecode.c.h; path = TKCalendarMonthViewController.h; sourceTree = "<group>"; };
		6EA148E214EA43B10036245B /* TKCalendarMonthViewController.m */ = {isa = PBXFileReference; fileEncoding = 4; lastKnownFileType = sourcecode.c.objc; path = TKCalendarMonthViewController.m; sourceTree = "<group>"; };
		6EA148E314EA43B10036245B /* TKCoverflowCoverView.h */ = {isa = PBXFileReference; fileEncoding = 4; lastKnownFileType = sourcecode.c.h; path = TKCoverflowCoverView.h; sourceTree = "<group>"; };
		6EA148E414EA43B10036245B /* TKCoverflowCoverView.m */ = {isa = PBXFileReference; fileEncoding = 4; lastKnownFileType = sourcecode.c.objc; path = TKCoverflowCoverView.m; sourceTree = "<group>"; };
		6EA148E514EA43B10036245B /* TKCoverflowView.h */ = {isa = PBXFileReference; fileEncoding = 4; lastKnownFileType = sourcecode.c.h; path = TKCoverflowView.h; sourceTree = "<group>"; };
		6EA148E614EA43B10036245B /* TKCoverflowView.m */ = {isa = PBXFileReference; fileEncoding = 4; lastKnownFileType = sourcecode.c.objc; path = TKCoverflowView.m; sourceTree = "<group>"; };
		6EA148E714EA43B10036245B /* TKEmptyView.h */ = {isa = PBXFileReference; fileEncoding = 4; lastKnownFileType = sourcecode.c.h; path = TKEmptyView.h; sourceTree = "<group>"; };
		6EA148E814EA43B10036245B /* TKEmptyView.m */ = {isa = PBXFileReference; fileEncoding = 4; lastKnownFileType = sourcecode.c.objc; path = TKEmptyView.m; sourceTree = "<group>"; };
		6EA148E914EA43B10036245B /* TKGlobal.h */ = {isa = PBXFileReference; fileEncoding = 4; lastKnownFileType = sourcecode.c.h; path = TKGlobal.h; sourceTree = "<group>"; };
		6EA148EA14EA43B10036245B /* TKGlobal.m */ = {isa = PBXFileReference; fileEncoding = 4; lastKnownFileType = sourcecode.c.objc; path = TKGlobal.m; sourceTree = "<group>"; };
		6EA148EB14EA43B10036245B /* TKGradientView.h */ = {isa = PBXFileReference; fileEncoding = 4; lastKnownFileType = sourcecode.c.h; path = TKGradientView.h; sourceTree = "<group>"; };
		6EA148EC14EA43B10036245B /* TKGradientView.m */ = {isa = PBXFileReference; fileEncoding = 4; lastKnownFileType = sourcecode.c.objc; path = TKGradientView.m; sourceTree = "<group>"; };
		6EA148ED14EA43B10036245B /* TKHTTPRequest.h */ = {isa = PBXFileReference; fileEncoding = 4; lastKnownFileType = sourcecode.c.h; path = TKHTTPRequest.h; sourceTree = "<group>"; };
		6EA148EE14EA43B10036245B /* TKHTTPRequest.m */ = {isa = PBXFileReference; fileEncoding = 4; lastKnownFileType = sourcecode.c.objc; path = TKHTTPRequest.m; sourceTree = "<group>"; };
		6EA148F114EA43B10036245B /* TKIndicatorCell.h */ = {isa = PBXFileReference; fileEncoding = 4; lastKnownFileType = sourcecode.c.h; path = TKIndicatorCell.h; sourceTree = "<group>"; };
		6EA148F214EA43B10036245B /* TKIndicatorCell.m */ = {isa = PBXFileReference; fileEncoding = 4; lastKnownFileType = sourcecode.c.objc; path = TKIndicatorCell.m; sourceTree = "<group>"; };
		6EA148F314EA43B10036245B /* TKLabelCell.h */ = {isa = PBXFileReference; fileEncoding = 4; lastKnownFileType = sourcecode.c.h; path = TKLabelCell.h; sourceTree = "<group>"; };
		6EA148F414EA43B10036245B /* TKLabelCell.m */ = {isa = PBXFileReference; fileEncoding = 4; lastKnownFileType = sourcecode.c.objc; path = TKLabelCell.m; sourceTree = "<group>"; };
		6EA148F514EA43B10036245B /* TKLabelFieldCell.h */ = {isa = PBXFileReference; fileEncoding = 4; lastKnownFileType = sourcecode.c.h; path = TKLabelFieldCell.h; sourceTree = "<group>"; };
		6EA148F614EA43B10036245B /* TKLabelFieldCell.m */ = {isa = PBXFileReference; fileEncoding = 4; lastKnownFileType = sourcecode.c.objc; path = TKLabelFieldCell.m; sourceTree = "<group>"; };
		6EA148F714EA43B10036245B /* TKLabelSwitchCell.h */ = {isa = PBXFileReference; fileEncoding = 4; lastKnownFileType = sourcecode.c.h; path = TKLabelSwitchCell.h; sourceTree = "<group>"; };
		6EA148F814EA43B10036245B /* TKLabelSwitchCell.m */ = {isa = PBXFileReference; fileEncoding = 4; lastKnownFileType = sourcecode.c.objc; path = TKLabelSwitchCell.m; sourceTree = "<group>"; };
		6EA148F914EA43B10036245B /* TKLabelTextFieldCell.h */ = {isa = PBXFileReference; fileEncoding = 4; lastKnownFileType = sourcecode.c.h; path = TKLabelTextFieldCell.h; sourceTree = "<group>"; };
		6EA148FA14EA43B10036245B /* TKLabelTextFieldCell.m */ = {isa = PBXFileReference; fileEncoding = 4; lastKnownFileType = sourcecode.c.objc; path = TKLabelTextFieldCell.m; sourceTree = "<group>"; };
		6EA148FB14EA43B10036245B /* TKLabelTextViewCell.h */ = {isa = PBXFileReference; fileEncoding = 4; lastKnownFileType = sourcecode.c.h; path = TKLabelTextViewCell.h; sourceTree = "<group>"; };
		6EA148FC14EA43B10036245B /* TKLabelTextViewCell.m */ = {isa = PBXFileReference; fileEncoding = 4; lastKnownFileType = sourcecode.c.objc; path = TKLabelTextViewCell.m; sourceTree = "<group>"; };
		6EA148FD14EA43B10036245B /* TKMapPlace.h */ = {isa = PBXFileReference; fileEncoding = 4; lastKnownFileType = sourcecode.c.h; path = TKMapPlace.h; sourceTree = "<group>"; };
		6EA148FE14EA43B10036245B /* TKMapPlace.m */ = {isa = PBXFileReference; fileEncoding = 4; lastKnownFileType = sourcecode.c.objc; path = TKMapPlace.m; sourceTree = "<group>"; };
		6EA148FF14EA43B10036245B /* TKMapView.h */ = {isa = PBXFileReference; fileEncoding = 4; lastKnownFileType = sourcecode.c.h; path = TKMapView.h; sourceTree = "<group>"; };
		6EA1490014EA43B10036245B /* TKMapView.m */ = {isa = PBXFileReference; fileEncoding = 4; lastKnownFileType = sourcecode.c.objc; path = TKMapView.m; sourceTree = "<group>"; };
		6EA1490114EA43B10036245B /* TKNetworkQueue.h */ = {isa = PBXFileReference; fileEncoding = 4; lastKnownFileType = sourcecode.c.h; path = TKNetworkQueue.h; sourceTree = "<group>"; };
		6EA1490214EA43B10036245B /* TKNetworkQueue.m */ = {isa = PBXFileReference; fileEncoding = 4; lastKnownFileType = sourcecode.c.objc; path = TKNetworkQueue.m; sourceTree = "<group>"; };
		6EA1490314EA43B10036245B /* TKProgressAlertView.h */ = {isa = PBXFileReference; fileEncoding = 4; lastKnownFileType = sourcecode.c.h; path = TKProgressAlertView.h; sourceTree = "<group>"; };
		6EA1490414EA43B10036245B /* TKProgressAlertView.m */ = {isa = PBXFileReference; fileEncoding = 4; lastKnownFileType = sourcecode.c.objc; path = TKProgressAlertView.m; sourceTree = "<group>"; };
		6EA1490514EA43B10036245B /* TKProgressBarView.h */ = {isa = PBXFileReference; fileEncoding = 4; lastKnownFileType = sourcecode.c.h; path = TKProgressBarView.h; sourceTree = "<group>"; };
		6EA1490614EA43B10036245B /* TKProgressBarView.m */ = {isa = PBXFileReference; fileEncoding = 4; lastKnownFileType = sourcecode.c.objc; path = TKProgressBarView.m; sourceTree = "<group>"; };
		6EA1490714EA43B10036245B /* TKProgressCircleView.h */ = {isa = PBXFileReference; fileEncoding = 4; lastKnownFileType = sourcecode.c.h; path = TKProgressCircleView.h; sourceTree = "<group>"; };
		6EA1490814EA43B10036245B /* TKProgressCircleView.m */ = {isa = PBXFileReference; fileEncoding = 4; lastKnownFileType = sourcecode.c.objc; path = TKProgressCircleView.m; sourceTree = "<group>"; };
		6EA1490914EA43B10036245B /* TKSwitchCell.h */ = {isa = PBXFileReference; fileEncoding = 4; lastKnownFileType = sourcecode.c.h; path = TKSwitchCell.h; sourceTree = "<group>"; };
		6EA1490A14EA43B10036245B /* TKSwitchCell.m */ = {isa = PBXFileReference; fileEncoding = 4; lastKnownFileType = sourcecode.c.objc; path = TKSwitchCell.m; sourceTree = "<group>"; };
		6EA1490B14EA43B10036245B /* TKTableViewCell.h */ = {isa = PBXFileReference; fileEncoding = 4; lastKnownFileType = sourcecode.c.h; path = TKTableViewCell.h; sourceTree = "<group>"; };
		6EA1490C14EA43B10036245B /* TKTableViewCell.m */ = {isa = PBXFileReference; fileEncoding = 4; lastKnownFileType = sourcecode.c.objc; path = TKTableViewCell.m; sourceTree = "<group>"; };
		6EA1490D14EA43B10036245B /* TKTableViewController.h */ = {isa = PBXFileReference; fileEncoding = 4; lastKnownFileType = sourcecode.c.h; path = TKTableViewController.h; sourceTree = "<group>"; };
		6EA1490E14EA43B10036245B /* TKTableViewController.m */ = {isa = PBXFileReference; fileEncoding = 4; lastKnownFileType = sourcecode.c.objc; path = TKTableViewController.m; sourceTree = "<group>"; };
		6EA1490F14EA43B10036245B /* TKTextViewCell.h */ = {isa = PBXFileReference; fileEncoding = 4; lastKnownFileType = sourcecode.c.h; path = TKTextViewCell.h; sourceTree = "<group>"; };
		6EA1491014EA43B10036245B /* TKTextViewCell.m */ = {isa = PBXFileReference; fileEncoding = 4; lastKnownFileType = sourcecode.c.objc; path = TKTextViewCell.m; sourceTree = "<group>"; };
		6EA1491114EA43B10036245B /* TKViewController.h */ = {isa = PBXFileReference; fileEncoding = 4; lastKnownFileType = sourcecode.c.h; path = TKViewController.h; sourceTree = "<group>"; };
		6EA1491214EA43B10036245B /* TKViewController.m */ = {isa = PBXFileReference; fileEncoding = 4; lastKnownFileType = sourcecode.c.objc; path = TKViewController.m; sourceTree = "<group>"; };
		6EA1491314EA43B10036245B /* TKWindow.h */ = {isa = PBXFileReference; fileEncoding = 4; lastKnownFileType = sourcecode.c.h; path = TKWindow.h; sourceTree = "<group>"; };
		6EA1491414EA43B10036245B /* TKWindow.m */ = {isa = PBXFileReference; fileEncoding = 4; lastKnownFileType = sourcecode.c.objc; path = TKWindow.m; sourceTree = "<group>"; };
		6EA1491514EA43B10036245B /* UIBarButtonItem+TKCategory.h */ = {isa = PBXFileReference; fileEncoding = 4; lastKnownFileType = sourcecode.c.h; path = "UIBarButtonItem+TKCategory.h"; sourceTree = "<group>"; };
		6EA1491614EA43B10036245B /* UIBarButtonItem+TKCategory.m */ = {isa = PBXFileReference; fileEncoding = 4; lastKnownFileType = sourcecode.c.objc; path = "UIBarButtonItem+TKCategory.m"; sourceTree = "<group>"; };
		6EA1491714EA43B10036245B /* UIButton+TKCategory.h */ = {isa = PBXFileReference; fileEncoding = 4; lastKnownFileType = sourcecode.c.h; path = "UIButton+TKCategory.h"; sourceTree = "<group>"; };
		6EA1491814EA43B10036245B /* UIButton+TKCategory.m */ = {isa = PBXFileReference; fileEncoding = 4; lastKnownFileType = sourcecode.c.objc; path = "UIButton+TKCategory.m"; sourceTree = "<group>"; };
		6EA1491914EA43B10036245B /* UIColor+TKCategory.h */ = {isa = PBXFileReference; fileEncoding = 4; lastKnownFileType = sourcecode.c.h; path = "UIColor+TKCategory.h"; sourceTree = "<group>"; };
		6EA1491A14EA43B10036245B /* UIColor+TKCategory.m */ = {isa = PBXFileReference; fileEncoding = 4; lastKnownFileType = sourcecode.c.objc; path = "UIColor+TKCategory.m"; sourceTree = "<group>"; };
		6EA1491B14EA43B10036245B /* UIImage+TKCategory.h */ = {isa = PBXFileReference; fileEncoding = 4; lastKnownFileType = sourcecode.c.h; path = "UIImage+TKCategory.h"; sourceTree = "<group>"; };
		6EA1491C14EA43B10036245B /* UIImage+TKCategory.m */ = {isa = PBXFileReference; fileEncoding = 4; lastKnownFileType = sourcecode.c.objc; path = "UIImage+TKCategory.m"; sourceTree = "<group>"; };
		6EA1491D14EA43B10036245B /* UIImageView+TKCategory.h */ = {isa = PBXFileReference; fileEncoding = 4; lastKnownFileType = sourcecode.c.h; path = "UIImageView+TKCategory.h"; sourceTree = "<group>"; };
		6EA1491E14EA43B10036245B /* UIImageView+TKCategory.m */ = {isa = PBXFileReference; fileEncoding = 4; lastKnownFileType = sourcecode.c.objc; path = "UIImageView+TKCategory.m"; sourceTree = "<group>"; };
		6EA1491F14EA43B10036245B /* UIScrollview+TKCategory.h */ = {isa = PBXFileReference; fileEncoding = 4; lastKnownFileType = sourcecode.c.h; path = "UIScrollview+TKCategory.h"; sourceTree = "<group>"; };
		6EA1492014EA43B10036245B /* UIScrollview+TKCategory.m */ = {isa = PBXFileReference; fileEncoding = 4; lastKnownFileType = sourcecode.c.objc; path = "UIScrollview+TKCategory.m"; sourceTree = "<group>"; };
		6EA1492114EA43B10036245B /* UIView+TKCategory.h */ = {isa = PBXFileReference; fileEncoding = 4; lastKnownFileType = sourcecode.c.h; path = "UIView+TKCategory.h"; sourceTree = "<group>"; };
		6EA1492214EA43B10036245B /* UIView+TKCategory.m */ = {isa = PBXFileReference; fileEncoding = 4; lastKnownFileType = sourcecode.c.objc; path = "UIView+TKCategory.m"; sourceTree = "<group>"; };
		6EA1492314EA43B10036245B /* UIViewController+TKCategory.h */ = {isa = PBXFileReference; fileEncoding = 4; lastKnownFileType = sourcecode.c.h; path = "UIViewController+TKCategory.h"; sourceTree = "<group>"; };
		6EA1492414EA43B10036245B /* UIViewController+TKCategory.m */ = {isa = PBXFileReference; fileEncoding = 4; lastKnownFileType = sourcecode.c.objc; path = "UIViewController+TKCategory.m"; sourceTree = "<group>"; };
		6EDBED5414E9DEF7006D6A6A /* 29-heart.png */ = {isa = PBXFileReference; lastKnownFileType = image.png; path = "29-heart.png"; sourceTree = "<group>"; };
/* End PBXFileReference section */

/* Begin PBXFrameworksBuildPhase section */
		6E13FB391471B59100871973 /* Frameworks */ = {
			isa = PBXFrameworksBuildPhase;
			buildActionMask = 2147483647;
			files = (
				6E20477514B39A59008A165F /* MapKit.framework in Frameworks */,
				6EA148C114EA42410036245B /* QuartzCore.framework in Frameworks */,
				6E594FD914BF7C7B007EB571 /* libz.dylib in Frameworks */,
				6E20477714B39B57008A165F /* CoreLocation.framework in Frameworks */,
				6E13FB411471B59100871973 /* UIKit.framework in Frameworks */,
				6E13FB431471B59100871973 /* Foundation.framework in Frameworks */,
				6E13FB451471B59100871973 /* CoreGraphics.framework in Frameworks */,
				6E5F2CB1155C5B1F008EAB9D /* libTestFlight.a in Frameworks */,
			);
			runOnlyForDeploymentPostprocessing = 0;
		};
		6E13FB641471B59100871973 /* Frameworks */ = {
			isa = PBXFrameworksBuildPhase;
			buildActionMask = 2147483647;
			files = (
				6E13FB6A1471B59100871973 /* SenTestingKit.framework in Frameworks */,
				6E13FB6B1471B59100871973 /* UIKit.framework in Frameworks */,
				6E13FB6C1471B59100871973 /* Foundation.framework in Frameworks */,
			);
			runOnlyForDeploymentPostprocessing = 0;
		};
/* End PBXFrameworksBuildPhase section */

/* Begin PBXGroup section */
		43AC5DD015233EF80021A4CE /* Data Model */ = {
			isa = PBXGroup;
			children = (
				6E5176BE1487F3DC004D0C11 /* FoodItem.h */,
				6E20476414B3994A008A165F /* FoodSection.h */,
				6E58A982153F59CD00EC8A94 /* FavoritesList.h */,
				6E58A983153F59CD00EC8A94 /* FavoritesList.m */,
				6E20476814B39997008A165F /* MealService.h */,
				6E20476B14B399B5008A165F /* ServiceDay.h */,
				6E20476E14B399C6008A165F /* Hall.h */,
				6E20476F14B399C6008A165F /* Hall.m */,
				6E20476C14B399B5008A165F /* ServiceDay.m */,
				6E20476914B39997008A165F /* MealService.m */,
				6E20476514B3994A008A165F /* FoodSection.m */,
				6E5176BF1487F3DC004D0C11 /* FoodItem.m */,
			);
			name = "Data Model";
			sourceTree = "<group>";
		};
		43AC5DD115233F310021A4CE /* View Controllers */ = {
			isa = PBXGroup;
			children = (
				4365680B1521EB370096D542 /* FavoritesViewController.h */,
				4365680C1521EB370096D542 /* FavoritesViewController.m */,
				4365680E1521EB6B0096D542 /* FavoritesDataController.h */,
				4365680F1521EB6B0096D542 /* FavoritesDataController.m */,
				6E13FB551471B59100871973 /* MasterViewController.h */,
				6E13FB561471B59100871973 /* MasterViewController.m */,
				6E13FB5C1471B59100871973 /* MenuViewController.h */,
				6E13FB5D1471B59100871973 /* MenuViewController.m */,
			);
			name = "View Controllers";
			sourceTree = "<group>";
		};
		6E00361F14EA454900EB4D56 /* Products */ = {
			isa = PBXGroup;
			children = (
				6E00362414EA454900EB4D56 /* libTapkuLibrary.a */,
				6E00362614EA454900EB4D56 /* LogicTests.octest */,
			);
			name = Products;
			sourceTree = "<group>";
		};
		6E13FB311471B59000871973 = {
			isa = PBXGroup;
			children = (
				4377A9901506B92400636068 /* Default@2x.png */,
				6EA148C014EA42410036245B /* QuartzCore.framework */,
				6EA148AF14EA41FD0036245B /* TapkuLibrary.bundle */,
				43E3F3AE14DC76BD00876DEA /* dining-unl.png */,
				6E594FD814BF7C7B007EB571 /* libz.dylib */,
				6E13FB461471B59100871973 /* Dining@UNL */,
				6E13FB6F1471B59100871973 /* Dining@UNLTests */,
				6E13FB3F1471B59100871973 /* Frameworks */,
				6E13FB3D1471B59100871973 /* Products */,
			);
			sourceTree = "<group>";
		};
		6E13FB3D1471B59100871973 /* Products */ = {
			isa = PBXGroup;
			children = (
				6E13FB3C1471B59100871973 /* Dining@UNL.app */,
				6E13FB681471B59100871973 /* Dining@UNLTests.octest */,
			);
			name = Products;
			sourceTree = "<group>";
		};
		6E13FB3F1471B59100871973 /* Frameworks */ = {
			isa = PBXGroup;
			children = (
				6EA148B014EA41FD0036245B /* TapkuLibrary.xcodeproj */,
				6E20477614B39B57008A165F /* CoreLocation.framework */,
				6E20477414B39A59008A165F /* MapKit.framework */,
				6E13FB401471B59100871973 /* UIKit.framework */,
				6E13FB421471B59100871973 /* Foundation.framework */,
				6E13FB441471B59100871973 /* CoreGraphics.framework */,
				6E13FB691471B59100871973 /* SenTestingKit.framework */,
			);
			name = Frameworks;
			sourceTree = "<group>";
		};
		6E13FB461471B59100871973 /* Dining@UNL */ = {
			isa = PBXGroup;
			children = (
				6E5F2CAC155C5B1F008EAB9D /* TestFlightSDK */,
				6EA148C314EA43B10036245B /* TapkuLibrary */,
				6E594FD014BF7AE1007EB571 /* TBXML */,
				6E13FB4F1471B59100871973 /* AppDelegate.h */,
				6E13FB501471B59100871973 /* AppDelegate.m */,
				6E13FB521471B59100871973 /* MainStoryboard.storyboard */,
				43AC5DD115233F310021A4CE /* View Controllers */,
				6E13FB581471B59100871973 /* first.png */,
				6E13FB5A1471B59100871973 /* first@2x.png */,
				6E13FB5F1471B59100871973 /* second.png */,
				6E13FB611471B59100871973 /* second@2x.png */,
				6E13FB471471B59100871973 /* Supporting Files */,
				43AC5DD015233EF80021A4CE /* Data Model */,
				6E20477114B399E0008A165F /* DiningHallAPIController.h */,
				6E20477214B399E0008A165F /* DiningHallAPIController.m */,
			);
			path = "Dining@UNL";
			sourceTree = "<group>";
		};
		6E13FB471471B59100871973 /* Supporting Files */ = {
			isa = PBXGroup;
			children = (
				6E7DCDBF15704A3200A158D1 /* R-N_4c.png */,
				6E2F8BBA15702DCC007A0F94 /* VOLFIcons */,
				6EDBED5414E9DEF7006D6A6A /* 29-heart.png */,
				6E67C16314E9D1CD00EBBEC2 /* 125-food.png */,
				6E67C16014E9D1AC00EBBEC2 /* 83-calendar.png */,
				6E13FB481471B59100871973 /* Dining@UNL-Info.plist */,
				6E13FB491471B59100871973 /* InfoPlist.strings */,
				6E13FB4C1471B59100871973 /* main.m */,
				6E13FB4E1471B59100871973 /* Dining@UNL-Prefix.pch */,
			);
			name = "Supporting Files";
			sourceTree = "<group>";
		};
		6E13FB6F1471B59100871973 /* Dining@UNLTests */ = {
			isa = PBXGroup;
			children = (
				6E13FB751471B59100871973 /* Dining_UNLTests.h */,
				6E13FB761471B59100871973 /* Dining_UNLTests.m */,
				6E13FB701471B59100871973 /* Supporting Files */,
			);
			path = "Dining@UNLTests";
			sourceTree = "<group>";
		};
		6E13FB701471B59100871973 /* Supporting Files */ = {
			isa = PBXGroup;
			children = (
				6E13FB711471B59100871973 /* Dining@UNLTests-Info.plist */,
				6E13FB721471B59100871973 /* InfoPlist.strings */,
			);
			name = "Supporting Files";
			sourceTree = "<group>";
		};
		6E2F8BBA15702DCC007A0F94 /* VOLFIcons */ = {
			isa = PBXGroup;
			children = (
				6E2F8BBB15702DCC007A0F94 /* 0.png */,
				6E2F8BBC15702DCC007A0F94 /* 1.png */,
				6E2F8BBD15702DCC007A0F94 /* 10.png */,
				6E2F8BBE15702DCC007A0F94 /* 11.png */,
				6E2F8BBF15702DCC007A0F94 /* 12.png */,
				6E2F8BC015702DCC007A0F94 /* 13.png */,
				6E2F8BC115702DCC007A0F94 /* 14.png */,
				6E2F8BC215702DCC007A0F94 /* 15.png */,
				6E2F8BC315702DCC007A0F94 /* 2.png */,
				6E2F8BC415702DCC007A0F94 /* 3.png */,
				6E2F8BC515702DCC007A0F94 /* 4.png */,
				6E2F8BC615702DCC007A0F94 /* 5.png */,
				6E2F8BC715702DCC007A0F94 /* 6.png */,
				6E2F8BC815702DCC007A0F94 /* 7.png */,
				6E2F8BC915702DCC007A0F94 /* 8.png */,
				6E2F8BCA15702DCC007A0F94 /* 9.png */,
			);
			name = VOLFIcons;
			path = "VOLDicons (1)";
			sourceTree = "<group>";
		};
		6E594FD014BF7AE1007EB571 /* TBXML */ = {
			isa = PBXGroup;
			children = (
				6E594FD214BF7B08007EB571 /* NSDataAdditions.h */,
				6E594FD314BF7B08007EB571 /* NSDataAdditions.m */,
				6E594FD414BF7B08007EB571 /* TBXML.h */,
				6E594FD514BF7B08007EB571 /* TBXML.m */,
			);
			name = TBXML;
			sourceTree = "<group>";
		};
		6E5F2CAC155C5B1F008EAB9D /* TestFlightSDK */ = {
			isa = PBXGroup;
			children = (
				6E5F2CAD155C5B1F008EAB9D /* libTestFlight.a */,
				6E5F2CAE155C5B1F008EAB9D /* README.txt */,
				6E5F2CAF155C5B1F008EAB9D /* release_notes.txt */,
				6E5F2CB0155C5B1F008EAB9D /* TestFlight.h */,
			);
			name = TestFlightSDK;
			path = TestFlightSDK1.0;
			sourceTree = "<group>";
		};
		6EA148C314EA43B10036245B /* TapkuLibrary */ = {
			isa = PBXGroup;
			children = (
				6EA148C414EA43B10036245B /* NSArray+TKCategory.h */,
				6EA148C514EA43B10036245B /* NSArray+TKCategory.m */,
				6EA148C614EA43B10036245B /* NSDate+TKCategory.h */,
				6EA148C714EA43B10036245B /* NSDate+TKCategory.m */,
				6EA148C814EA43B10036245B /* NSDictionary+TKCategory.h */,
				6EA148C914EA43B10036245B /* NSDictionary+TKCategory.m */,
				6EA148CC14EA43B10036245B /* NSString+TKCategory.h */,
				6EA148CD14EA43B10036245B /* NSString+TKCategory.m */,
				6EA148CE14EA43B10036245B /* TapDetectingView.h */,
				6EA148CF14EA43B10036245B /* TapDetectingView.m */,
				6EA148D014EA43B10036245B /* TapkuLibrary.h */,
				6EA148D114EA43B10036245B /* TKAlertCenter.h */,
				6EA148D214EA43B10036245B /* TKAlertCenter.m */,
				6EA148D314EA43B10036245B /* TKAppDelegate.h */,
				6EA148D414EA43B10036245B /* TKAppDelegate.m */,
				6EA148D514EA43B10036245B /* TKButtonCell.h */,
				6EA148D614EA43B10036245B /* TKButtonCell.m */,
				6EA148D714EA43B10036245B /* TKCalendarDayEventView.h */,
				6EA148D814EA43B10036245B /* TKCalendarDayEventView.m */,
				6EA148D914EA43B10036245B /* TKCalendarDayTimelineView.h */,
				6EA148DA14EA43B10036245B /* TKCalendarDayTimelineView.m */,
				6EA148DB14EA43B10036245B /* TKCalendarDayViewController.h */,
				6EA148DC14EA43B10036245B /* TKCalendarDayViewController.m */,
				6EA148DD14EA43B10036245B /* TKCalendarMonthTableViewController.h */,
				6EA148DE14EA43B10036245B /* TKCalendarMonthTableViewController.m */,
				6EA148DF14EA43B10036245B /* TKCalendarMonthView.h */,
				6EA148E014EA43B10036245B /* TKCalendarMonthView.m */,
				6EA148E114EA43B10036245B /* TKCalendarMonthViewController.h */,
				6EA148E214EA43B10036245B /* TKCalendarMonthViewController.m */,
				6EA148E314EA43B10036245B /* TKCoverflowCoverView.h */,
				6EA148E414EA43B10036245B /* TKCoverflowCoverView.m */,
				6EA148E514EA43B10036245B /* TKCoverflowView.h */,
				6EA148E614EA43B10036245B /* TKCoverflowView.m */,
				6EA148E714EA43B10036245B /* TKEmptyView.h */,
				6EA148E814EA43B10036245B /* TKEmptyView.m */,
				6EA148E914EA43B10036245B /* TKGlobal.h */,
				6EA148EA14EA43B10036245B /* TKGlobal.m */,
				6EA148EB14EA43B10036245B /* TKGradientView.h */,
				6EA148EC14EA43B10036245B /* TKGradientView.m */,
				6EA148ED14EA43B10036245B /* TKHTTPRequest.h */,
				6EA148EE14EA43B10036245B /* TKHTTPRequest.m */,
				6EA148F114EA43B10036245B /* TKIndicatorCell.h */,
				6EA148F214EA43B10036245B /* TKIndicatorCell.m */,
				6EA148F314EA43B10036245B /* TKLabelCell.h */,
				6EA148F414EA43B10036245B /* TKLabelCell.m */,
				6EA148F514EA43B10036245B /* TKLabelFieldCell.h */,
				6EA148F614EA43B10036245B /* TKLabelFieldCell.m */,
				6EA148F714EA43B10036245B /* TKLabelSwitchCell.h */,
				6EA148F814EA43B10036245B /* TKLabelSwitchCell.m */,
				6EA148F914EA43B10036245B /* TKLabelTextFieldCell.h */,
				6EA148FA14EA43B10036245B /* TKLabelTextFieldCell.m */,
				6EA148FB14EA43B10036245B /* TKLabelTextViewCell.h */,
				6EA148FC14EA43B10036245B /* TKLabelTextViewCell.m */,
				6EA148FD14EA43B10036245B /* TKMapPlace.h */,
				6EA148FE14EA43B10036245B /* TKMapPlace.m */,
				6EA148FF14EA43B10036245B /* TKMapView.h */,
				6EA1490014EA43B10036245B /* TKMapView.m */,
				6EA1490114EA43B10036245B /* TKNetworkQueue.h */,
				6EA1490214EA43B10036245B /* TKNetworkQueue.m */,
				6EA1490314EA43B10036245B /* TKProgressAlertView.h */,
				6EA1490414EA43B10036245B /* TKProgressAlertView.m */,
				6EA1490514EA43B10036245B /* TKProgressBarView.h */,
				6EA1490614EA43B10036245B /* TKProgressBarView.m */,
				6EA1490714EA43B10036245B /* TKProgressCircleView.h */,
				6EA1490814EA43B10036245B /* TKProgressCircleView.m */,
				6EA1490914EA43B10036245B /* TKSwitchCell.h */,
				6EA1490A14EA43B10036245B /* TKSwitchCell.m */,
				6EA1490B14EA43B10036245B /* TKTableViewCell.h */,
				6EA1490C14EA43B10036245B /* TKTableViewCell.m */,
				6EA1490D14EA43B10036245B /* TKTableViewController.h */,
				6EA1490E14EA43B10036245B /* TKTableViewController.m */,
				6EA1490F14EA43B10036245B /* TKTextViewCell.h */,
				6EA1491014EA43B10036245B /* TKTextViewCell.m */,
				6EA1491114EA43B10036245B /* TKViewController.h */,
				6EA1491214EA43B10036245B /* TKViewController.m */,
				6EA1491314EA43B10036245B /* TKWindow.h */,
				6EA1491414EA43B10036245B /* TKWindow.m */,
				6EA1491514EA43B10036245B /* UIBarButtonItem+TKCategory.h */,
				6EA1491614EA43B10036245B /* UIBarButtonItem+TKCategory.m */,
				6EA1491714EA43B10036245B /* UIButton+TKCategory.h */,
				6EA1491814EA43B10036245B /* UIButton+TKCategory.m */,
				6EA1491914EA43B10036245B /* UIColor+TKCategory.h */,
				6EA1491A14EA43B10036245B /* UIColor+TKCategory.m */,
				6EA1491B14EA43B10036245B /* UIImage+TKCategory.h */,
				6EA1491C14EA43B10036245B /* UIImage+TKCategory.m */,
				6EA1491D14EA43B10036245B /* UIImageView+TKCategory.h */,
				6EA1491E14EA43B10036245B /* UIImageView+TKCategory.m */,
				6EA1491F14EA43B10036245B /* UIScrollview+TKCategory.h */,
				6EA1492014EA43B10036245B /* UIScrollview+TKCategory.m */,
				6EA1492114EA43B10036245B /* UIView+TKCategory.h */,
				6EA1492214EA43B10036245B /* UIView+TKCategory.m */,
				6EA1492314EA43B10036245B /* UIViewController+TKCategory.h */,
				6EA1492414EA43B10036245B /* UIViewController+TKCategory.m */,
			);
			path = TapkuLibrary;
			sourceTree = "<group>";
		};
/* End PBXGroup section */

/* Begin PBXNativeTarget section */
		6E13FB3B1471B59100871973 /* Dining@UNL */ = {
			isa = PBXNativeTarget;
			buildConfigurationList = 6E13FB7A1471B59100871973 /* Build configuration list for PBXNativeTarget "Dining@UNL" */;
			buildPhases = (
				6E13FB381471B59100871973 /* Sources */,
				6E13FB391471B59100871973 /* Frameworks */,
				6E13FB3A1471B59100871973 /* Resources */,
			);
			buildRules = (
			);
			dependencies = (
			);
			name = "Dining@UNL";
			productName = "Dining@UNL";
			productReference = 6E13FB3C1471B59100871973 /* Dining@UNL.app */;
			productType = "com.apple.product-type.application";
		};
		6E13FB671471B59100871973 /* Dining@UNLTests */ = {
			isa = PBXNativeTarget;
			buildConfigurationList = 6E13FB7D1471B59100871973 /* Build configuration list for PBXNativeTarget "Dining@UNLTests" */;
			buildPhases = (
				6E13FB631471B59100871973 /* Sources */,
				6E13FB641471B59100871973 /* Frameworks */,
				6E13FB651471B59100871973 /* Resources */,
				6E13FB661471B59100871973 /* ShellScript */,
			);
			buildRules = (
			);
			dependencies = (
				6E13FB6E1471B59100871973 /* PBXTargetDependency */,
			);
			name = "Dining@UNLTests";
			productName = "Dining@UNLTests";
			productReference = 6E13FB681471B59100871973 /* Dining@UNLTests.octest */;
			productType = "com.apple.product-type.bundle";
		};
/* End PBXNativeTarget section */

/* Begin PBXProject section */
		6E13FB331471B59000871973 /* Project object */ = {
			isa = PBXProject;
			attributes = {
				LastUpgradeCheck = 0430;
			};
			buildConfigurationList = 6E13FB361471B59000871973 /* Build configuration list for PBXProject "Dining@UNL" */;
			compatibilityVersion = "Xcode 3.2";
			developmentRegion = English;
			hasScannedForEncodings = 0;
			knownRegions = (
				en,
			);
			mainGroup = 6E13FB311471B59000871973;
			productRefGroup = 6E13FB3D1471B59100871973 /* Products */;
			projectDirPath = "";
			projectReferences = (
				{
					ProductGroup = 6E00361F14EA454900EB4D56 /* Products */;
					ProjectRef = 6EA148B014EA41FD0036245B /* TapkuLibrary.xcodeproj */;
				},
			);
			projectRoot = "";
			targets = (
				6E13FB3B1471B59100871973 /* Dining@UNL */,
				6E13FB671471B59100871973 /* Dining@UNLTests */,
			);
		};
/* End PBXProject section */

/* Begin PBXReferenceProxy section */
		6E00362414EA454900EB4D56 /* libTapkuLibrary.a */ = {
			isa = PBXReferenceProxy;
			fileType = archive.ar;
			path = libTapkuLibrary.a;
			remoteRef = 6E00362314EA454900EB4D56 /* PBXContainerItemProxy */;
			sourceTree = BUILT_PRODUCTS_DIR;
		};
		6E00362614EA454900EB4D56 /* LogicTests.octest */ = {
			isa = PBXReferenceProxy;
			fileType = wrapper.cfbundle;
			path = LogicTests.octest;
			remoteRef = 6E00362514EA454900EB4D56 /* PBXContainerItemProxy */;
			sourceTree = BUILT_PRODUCTS_DIR;
		};
/* End PBXReferenceProxy section */

/* Begin PBXResourcesBuildPhase section */
		6E13FB3A1471B59100871973 /* Resources */ = {
			isa = PBXResourcesBuildPhase;
			buildActionMask = 2147483647;
			files = (
				6E13FB4B1471B59100871973 /* InfoPlist.strings in Resources */,
				6E13FB541471B59100871973 /* MainStoryboard.storyboard in Resources */,
				6E13FB591471B59100871973 /* first.png in Resources */,
				6E13FB5B1471B59100871973 /* first@2x.png in Resources */,
				6E13FB601471B59100871973 /* second.png in Resources */,
				6E13FB621471B59100871973 /* second@2x.png in Resources */,
				43E3F3AF14DC76BD00876DEA /* dining-unl.png in Resources */,
				6E67C16114E9D1AC00EBBEC2 /* 83-calendar.png in Resources */,
				6E67C16414E9D1CD00EBBEC2 /* 125-food.png in Resources */,
				6EDBED5514E9DEF7006D6A6A /* 29-heart.png in Resources */,
				6EA148B614EA41FD0036245B /* TapkuLibrary.bundle in Resources */,
				4377A9911506B92400636068 /* Default@2x.png in Resources */,
				6E5F2CB2155C5B1F008EAB9D /* README.txt in Resources */,
				6E5F2CB3155C5B1F008EAB9D /* release_notes.txt in Resources */,
				6E2F8BCB15702DCC007A0F94 /* 0.png in Resources */,
				6E2F8BCC15702DCC007A0F94 /* 1.png in Resources */,
				6E2F8BCD15702DCC007A0F94 /* 10.png in Resources */,
				6E2F8BCE15702DCC007A0F94 /* 11.png in Resources */,
				6E2F8BCF15702DCC007A0F94 /* 12.png in Resources */,
				6E2F8BD015702DCC007A0F94 /* 13.png in Resources */,
				6E2F8BD115702DCC007A0F94 /* 14.png in Resources */,
				6E2F8BD215702DCC007A0F94 /* 15.png in Resources */,
				6E2F8BD315702DCC007A0F94 /* 2.png in Resources */,
				6E2F8BD415702DCC007A0F94 /* 3.png in Resources */,
				6E2F8BD515702DCC007A0F94 /* 4.png in Resources */,
				6E2F8BD615702DCC007A0F94 /* 5.png in Resources */,
				6E2F8BD715702DCC007A0F94 /* 6.png in Resources */,
				6E2F8BD815702DCC007A0F94 /* 7.png in Resources */,
				6E2F8BD915702DCC007A0F94 /* 8.png in Resources */,
				6E2F8BDA15702DCC007A0F94 /* 9.png in Resources */,
				6E7DCDC015704A3200A158D1 /* R-N_4c.png in Resources */,
			);
			runOnlyForDeploymentPostprocessing = 0;
		};
		6E13FB651471B59100871973 /* Resources */ = {
			isa = PBXResourcesBuildPhase;
			buildActionMask = 2147483647;
			files = (
				6E13FB741471B59100871973 /* InfoPlist.strings in Resources */,
			);
			runOnlyForDeploymentPostprocessing = 0;
		};
/* End PBXResourcesBuildPhase section */

/* Begin PBXShellScriptBuildPhase section */
		6E13FB661471B59100871973 /* ShellScript */ = {
			isa = PBXShellScriptBuildPhase;
			buildActionMask = 2147483647;
			files = (
			);
			inputPaths = (
			);
			outputPaths = (
			);
			runOnlyForDeploymentPostprocessing = 0;
			shellPath = /bin/sh;
			shellScript = "# Run the unit tests in this test bundle.\n\"${SYSTEM_DEVELOPER_DIR}/Tools/RunUnitTests\"\n";
		};
/* End PBXShellScriptBuildPhase section */

/* Begin PBXSourcesBuildPhase section */
		6E13FB381471B59100871973 /* Sources */ = {
			isa = PBXSourcesBuildPhase;
			buildActionMask = 2147483647;
			files = (
				6E13FB4D1471B59100871973 /* main.m in Sources */,
				6E13FB511471B59100871973 /* AppDelegate.m in Sources */,
				6E13FB571471B59100871973 /* MasterViewController.m in Sources */,
				6E13FB5E1471B59100871973 /* MenuViewController.m in Sources */,
				6E5176C01487F3DC004D0C11 /* FoodItem.m in Sources */,
				6E20476614B3994A008A165F /* FoodSection.m in Sources */,
				6E20476A14B39997008A165F /* MealService.m in Sources */,
				6E20476D14B399B5008A165F /* ServiceDay.m in Sources */,
				6E20477014B399C6008A165F /* Hall.m in Sources */,
				6E20477314B399E0008A165F /* DiningHallAPIController.m in Sources */,
				6E594FD614BF7B08007EB571 /* NSDataAdditions.m in Sources */,
				6E594FD714BF7B08007EB571 /* TBXML.m in Sources */,
				6EA1492514EA43B10036245B /* NSArray+TKCategory.m in Sources */,
				6EA1492614EA43B10036245B /* NSDate+TKCategory.m in Sources */,
				6EA1492714EA43B10036245B /* NSDictionary+TKCategory.m in Sources */,
				6EA1492914EA43B10036245B /* NSString+TKCategory.m in Sources */,
				6EA1492A14EA43B10036245B /* TapDetectingView.m in Sources */,
				6EA1492B14EA43B10036245B /* TKAlertCenter.m in Sources */,
				6EA1492C14EA43B10036245B /* TKAppDelegate.m in Sources */,
				6EA1492D14EA43B10036245B /* TKButtonCell.m in Sources */,
				6EA1492E14EA43B10036245B /* TKCalendarDayEventView.m in Sources */,
				6EA1492F14EA43B10036245B /* TKCalendarDayTimelineView.m in Sources */,
				6EA1493014EA43B10036245B /* TKCalendarDayViewController.m in Sources */,
				6EA1493114EA43B10036245B /* TKCalendarMonthTableViewController.m in Sources */,
				6EA1493214EA43B10036245B /* TKCalendarMonthView.m in Sources */,
				6EA1493314EA43B10036245B /* TKCalendarMonthViewController.m in Sources */,
				6EA1493414EA43B10036245B /* TKCoverflowCoverView.m in Sources */,
				6EA1493514EA43B10036245B /* TKCoverflowView.m in Sources */,
				6EA1493614EA43B10036245B /* TKEmptyView.m in Sources */,
				6EA1493714EA43B10036245B /* TKGlobal.m in Sources */,
				6EA1493814EA43B10036245B /* TKGradientView.m in Sources */,
				6EA1493914EA43B10036245B /* TKHTTPRequest.m in Sources */,
				6EA1493B14EA43B10036245B /* TKIndicatorCell.m in Sources */,
				6EA1493C14EA43B10036245B /* TKLabelCell.m in Sources */,
				6EA1493D14EA43B10036245B /* TKLabelFieldCell.m in Sources */,
				6EA1493E14EA43B10036245B /* TKLabelSwitchCell.m in Sources */,
				6EA1493F14EA43B10036245B /* TKLabelTextFieldCell.m in Sources */,
				6EA1494014EA43B10036245B /* TKLabelTextViewCell.m in Sources */,
				6EA1494114EA43B10036245B /* TKMapPlace.m in Sources */,
				6EA1494214EA43B10036245B /* TKMapView.m in Sources */,
				6EA1494314EA43B10036245B /* TKNetworkQueue.m in Sources */,
				6EA1494414EA43B10036245B /* TKProgressAlertView.m in Sources */,
				6EA1494514EA43B10036245B /* TKProgressBarView.m in Sources */,
				6EA1494614EA43B10036245B /* TKProgressCircleView.m in Sources */,
				6EA1494714EA43B10036245B /* TKSwitchCell.m in Sources */,
				6EA1494814EA43B10036245B /* TKTableViewCell.m in Sources */,
				6EA1494914EA43B10036245B /* TKTableViewController.m in Sources */,
				6EA1494A14EA43B10036245B /* TKTextViewCell.m in Sources */,
				6EA1494B14EA43B10036245B /* TKViewController.m in Sources */,
				6EA1494C14EA43B10036245B /* TKWindow.m in Sources */,
				6EA1494D14EA43B10036245B /* UIBarButtonItem+TKCategory.m in Sources */,
				6EA1494E14EA43B10036245B /* UIButton+TKCategory.m in Sources */,
				6EA1494F14EA43B10036245B /* UIColor+TKCategory.m in Sources */,
				6EA1495014EA43B10036245B /* UIImage+TKCategory.m in Sources */,
				6EA1495114EA43B10036245B /* UIImageView+TKCategory.m in Sources */,
				6EA1495214EA43B10036245B /* UIScrollview+TKCategory.m in Sources */,
				6EA1495314EA43B10036245B /* UIView+TKCategory.m in Sources */,
				6EA1495414EA43B10036245B /* UIViewController+TKCategory.m in Sources */,
				4365680D1521EB370096D542 /* FavoritesViewController.m in Sources */,
				436568101521EB6B0096D542 /* FavoritesDataController.m in Sources */,
				6E58A984153F59CD00EC8A94 /* FavoritesList.m in Sources */,
			);
			runOnlyForDeploymentPostprocessing = 0;
		};
		6E13FB631471B59100871973 /* Sources */ = {
			isa = PBXSourcesBuildPhase;
			buildActionMask = 2147483647;
			files = (
				6E13FB771471B59100871973 /* Dining_UNLTests.m in Sources */,
			);
			runOnlyForDeploymentPostprocessing = 0;
		};
/* End PBXSourcesBuildPhase section */

/* Begin PBXTargetDependency section */
		6E13FB6E1471B59100871973 /* PBXTargetDependency */ = {
			isa = PBXTargetDependency;
			target = 6E13FB3B1471B59100871973 /* Dining@UNL */;
			targetProxy = 6E13FB6D1471B59100871973 /* PBXContainerItemProxy */;
		};
/* End PBXTargetDependency section */

/* Begin PBXVariantGroup section */
		6E13FB491471B59100871973 /* InfoPlist.strings */ = {
			isa = PBXVariantGroup;
			children = (
				6E13FB4A1471B59100871973 /* en */,
			);
			name = InfoPlist.strings;
			sourceTree = "<group>";
		};
		6E13FB521471B59100871973 /* MainStoryboard.storyboard */ = {
			isa = PBXVariantGroup;
			children = (
				6E13FB531471B59100871973 /* en */,
			);
			name = MainStoryboard.storyboard;
			sourceTree = "<group>";
		};
		6E13FB721471B59100871973 /* InfoPlist.strings */ = {
			isa = PBXVariantGroup;
			children = (
				6E13FB731471B59100871973 /* en */,
			);
			name = InfoPlist.strings;
			sourceTree = "<group>";
		};
/* End PBXVariantGroup section */

/* Begin XCBuildConfiguration section */
		6E13FB781471B59100871973 /* Debug */ = {
			isa = XCBuildConfiguration;
			buildSettings = {
				ALWAYS_SEARCH_USER_PATHS = NO;
				ARCHS = "$(ARCHS_STANDARD_32_BIT)";
				CLANG_ENABLE_OBJC_ARC = YES;
				CODE_SIGN_IDENTITY = "iPhone Developer: Jerrad Thramer (2V87ZE7WCC)";
				"CODE_SIGN_IDENTITY[sdk=iphoneos*]" = "iPhone Developer: Jerrad Thramer (2V87ZE7WCC)";
				COPY_PHASE_STRIP = NO;
				GCC_C_LANGUAGE_STANDARD = gnu99;
				GCC_DYNAMIC_NO_PIC = NO;
				GCC_OPTIMIZATION_LEVEL = 0;
				GCC_PREPROCESSOR_DEFINITIONS = (
					"DEBUG=1",
					"$(inherited)",
				);
				GCC_SYMBOLS_PRIVATE_EXTERN = NO;
				GCC_VERSION = com.apple.compilers.llvm.clang.1_0;
				GCC_WARN_ABOUT_MISSING_PROTOTYPES = YES;
				GCC_WARN_ABOUT_RETURN_TYPE = YES;
				GCC_WARN_UNUSED_VARIABLE = YES;
				IPHONEOS_DEPLOYMENT_TARGET = 5.0;
				PROVISIONING_PROFILE = "D796139C-772D-45DC-A9A7-7BBDF830A4F2";
				"PROVISIONING_PROFILE[sdk=iphoneos*]" = "D796139C-772D-45DC-A9A7-7BBDF830A4F2";
				SDKROOT = iphoneos;
			};
			name = Debug;
		};
		6E13FB791471B59100871973 /* Release */ = {
			isa = XCBuildConfiguration;
			buildSettings = {
				ALWAYS_SEARCH_USER_PATHS = NO;
				ARCHS = "$(ARCHS_STANDARD_32_BIT)";
				CLANG_ENABLE_OBJC_ARC = YES;
				CODE_SIGN_IDENTITY = "iPhone Distribution: University of Nebraska";
				"CODE_SIGN_IDENTITY[sdk=iphoneos*]" = "iPhone Distribution: University of Nebraska";
				COPY_PHASE_STRIP = YES;
				GCC_C_LANGUAGE_STANDARD = gnu99;
				GCC_VERSION = com.apple.compilers.llvm.clang.1_0;
				GCC_WARN_ABOUT_MISSING_PROTOTYPES = YES;
				GCC_WARN_ABOUT_RETURN_TYPE = YES;
				GCC_WARN_UNUSED_VARIABLE = YES;
				IPHONEOS_DEPLOYMENT_TARGET = 5.0;
				OTHER_CFLAGS = "-DNS_BLOCK_ASSERTIONS=1";
				PROVISIONING_PROFILE = "CB248DA4-1BAC-44C3-9FB1-6789AB11D531";
				"PROVISIONING_PROFILE[sdk=iphoneos*]" = "CB248DA4-1BAC-44C3-9FB1-6789AB11D531";
				SDKROOT = iphoneos;
				VALIDATE_PRODUCT = YES;
			};
			name = Release;
		};
		6E13FB7B1471B59100871973 /* Debug */ = {
			isa = XCBuildConfiguration;
			buildSettings = {
				CLANG_ENABLE_OBJC_ARC = YES;
				"CODE_SIGN_IDENTITY[sdk=iphoneos*]" = "iPhone Developer: Jerrad Thramer (2V87ZE7WCC)";
				GCC_PRECOMPILE_PREFIX_HEADER = YES;
				GCC_PREFIX_HEADER = "Dining@UNL/Dining@UNL-Prefix.pch";
				HEADER_SEARCH_PATHS = "Dining@UNL/TapkuLibrary";
				INFOPLIST_FILE = "Dining@UNL/Dining@UNL-Info.plist";
				LIBRARY_SEARCH_PATHS = (
					"$(inherited)",
					"\"$(SRCROOT)/Dining@UNL/TestFlightSDK0\"",
					"\"$(SRCROOT)/Dining@UNL/TestFlightSDK1.0\"",
				);
				PRODUCT_NAME = "$(TARGET_NAME)";
				"PROVISIONING_PROFILE[sdk=iphoneos*]" = "D796139C-772D-45DC-A9A7-7BBDF830A4F2";
				WRAPPER_EXTENSION = app;
			};
			name = Debug;
		};
		6E13FB7C1471B59100871973 /* Release */ = {
			isa = XCBuildConfiguration;
			buildSettings = {
				CLANG_ENABLE_OBJC_ARC = YES;
				CODE_SIGN_IDENTITY = "iPhone Distribution: University of Nebraska";
				"CODE_SIGN_IDENTITY[sdk=iphoneos*]" = "iPhone Distribution: University of Nebraska";
				GCC_PRECOMPILE_PREFIX_HEADER = YES;
				GCC_PREFIX_HEADER = "Dining@UNL/Dining@UNL-Prefix.pch";
				HEADER_SEARCH_PATHS = "Dining@UNL/TapkuLibrary";
				INFOPLIST_FILE = "Dining@UNL/Dining@UNL-Info.plist";
				LIBRARY_SEARCH_PATHS = (
					"$(inherited)",
					"\"$(SRCROOT)/Dining@UNL/TestFlightSDK0\"",
					"\"$(SRCROOT)/Dining@UNL/TestFlightSDK1.0\"",
				);
				PRODUCT_NAME = "$(TARGET_NAME)";
				PROVISIONING_PROFILE = "CB248DA4-1BAC-44C3-9FB1-6789AB11D531";
				"PROVISIONING_PROFILE[sdk=iphoneos*]" = "CB248DA4-1BAC-44C3-9FB1-6789AB11D531";
				WRAPPER_EXTENSION = app;
			};
			name = Release;
		};
		6E13FB7E1471B59100871973 /* Debug */ = {
			isa = XCBuildConfiguration;
			buildSettings = {
				BUNDLE_LOADER = "$(BUILT_PRODUCTS_DIR)/Dining@UNL.app/Dining@UNL";
				FRAMEWORK_SEARCH_PATHS = (
					"$(SDKROOT)/Developer/Library/Frameworks",
					"$(DEVELOPER_LIBRARY_DIR)/Frameworks",
				);
				GCC_PRECOMPILE_PREFIX_HEADER = YES;
				GCC_PREFIX_HEADER = "Dining@UNL/Dining@UNL-Prefix.pch";
				INFOPLIST_FILE = "Dining@UNLTests/Dining@UNLTests-Info.plist";
				PRODUCT_NAME = "$(TARGET_NAME)";
				TEST_HOST = "$(BUNDLE_LOADER)";
				WRAPPER_EXTENSION = octest;
			};
			name = Debug;
		};
		6E13FB7F1471B59100871973 /* Release */ = {
			isa = XCBuildConfiguration;
			buildSettings = {
				BUNDLE_LOADER = "$(BUILT_PRODUCTS_DIR)/Dining@UNL.app/Dining@UNL";
				FRAMEWORK_SEARCH_PATHS = (
					"$(SDKROOT)/Developer/Library/Frameworks",
					"$(DEVELOPER_LIBRARY_DIR)/Frameworks",
				);
				GCC_PRECOMPILE_PREFIX_HEADER = YES;
				GCC_PREFIX_HEADER = "Dining@UNL/Dining@UNL-Prefix.pch";
				INFOPLIST_FILE = "Dining@UNLTests/Dining@UNLTests-Info.plist";
				PRODUCT_NAME = "$(TARGET_NAME)";
				TEST_HOST = "$(BUNDLE_LOADER)";
				WRAPPER_EXTENSION = octest;
			};
			name = Release;
		};
/* End XCBuildConfiguration section */

/* Begin XCConfigurationList section */
		6E13FB361471B59000871973 /* Build configuration list for PBXProject "Dining@UNL" */ = {
			isa = XCConfigurationList;
			buildConfigurations = (
				6E13FB781471B59100871973 /* Debug */,
				6E13FB791471B59100871973 /* Release */,
			);
			defaultConfigurationIsVisible = 0;
			defaultConfigurationName = Release;
		};
		6E13FB7A1471B59100871973 /* Build configuration list for PBXNativeTarget "Dining@UNL" */ = {
			isa = XCConfigurationList;
			buildConfigurations = (
				6E13FB7B1471B59100871973 /* Debug */,
				6E13FB7C1471B59100871973 /* Release */,
			);
			defaultConfigurationIsVisible = 0;
			defaultConfigurationName = Release;
		};
		6E13FB7D1471B59100871973 /* Build configuration list for PBXNativeTarget "Dining@UNLTests" */ = {
			isa = XCConfigurationList;
			buildConfigurations = (
				6E13FB7E1471B59100871973 /* Debug */,
				6E13FB7F1471B59100871973 /* Release */,
			);
			defaultConfigurationIsVisible = 0;
			defaultConfigurationName = Release;
		};
/* End XCConfigurationList section */
	};
	rootObject = 6E13FB331471B59000871973 /* Project object */;
}
